
Microsoft Visual Studio Solution File, Format Version 12.00
# Visual Studio Version 17
VisualStudioVersion = 17.8.34322.80
MinimumVisualStudioVersion = 10.0.40219.1
Project("{2150E333-8FDC-42A3-9474-1A3956D46DE8}") = "Session07", "Session07", "{001B0002-0F33-465D-96ED-661C6EA3103A}"
EndProject
Project("{9A19103F-16F7-4668-BE54-9A1E7A4F7556}") = "01.Interfaces", "01.Interfaces\01.Interfaces.csproj", "{549F961F-9588-4D64-BFAB-EDA29DA23013}"
EndProject
Project("{9A19103F-16F7-4668-BE54-9A1E7A4F7556}") = "02.ExplicitInterfaceImplementation", "02.ExplicitInterfaceImplementation\02.ExplicitInterfaceImplementation.csproj", "{93169F82-5F98-4068-BD1B-A3B5A3FB08C8}"
EndProject
Project("{9A19103F-16F7-4668-BE54-9A1E7A4F7556}") = "03.ImplementingMembersVirtually", "03.ImplementingMembersVirtually\03.ImplementingMembersVirtually.csproj", "{4E1CDC0E-E1A8-45FF-8518-A5A249BDA579}"
EndProject
Project("{9A19103F-16F7-4668-BE54-9A1E7A4F7556}") = "04.SubclassReimplementingInterface", "04.SubclassReimplementingInterface\04.SubclassReimplementingInterface.csproj", "{D630C019-6FE8-49FE-9FB7-FA0E48929264}"
EndProject
Project("{9A19103F-16F7-4668-BE54-9A1E7A4F7556}") = "05.InterfacesAndBoxing", "05.InterfacesAndBoxing\05.InterfacesAndBoxing.csproj", "{58D859B5-160D-4268-8D5D-1360D28374EE}"
EndProject
Project("{9A19103F-16F7-4668-BE54-9A1E7A4F7556}") = "06.DefaultInterfaceMembers", "06.DefaultInterfaceMembers\06.DefaultInterfaceMembers.csproj", "{55DD7D9A-D5C6-4391-9D5D-9A5D37288E1D}"
EndProject
Project("{9A19103F-16F7-4668-BE54-9A1E7A4F7556}") = "07.StaticInterfaceMembers", "07.StaticInterfaceMembers\07.StaticInterfaceMembers.csproj", "{9259FD90-19F2-4404-A7AD-6C60902AE8CE}"
EndProject
Project("{9A19103F-16F7-4668-BE54-9A1E7A4F7556}") = "08.Enums", "08.Enums\08.Enums.csproj", "{9D2B4695-DBAE-4C74-BE89-3049985E0A29}"
EndProject
Project("{9A19103F-16F7-4668-BE54-9A1E7A4F7556}") = "09.EnumConversions", "09.EnumConversions\09.EnumConversions.csproj", "{A1C8F058-803B-4145-9952-759B9D61135D}"
EndProject
Project("{9A19103F-16F7-4668-BE54-9A1E7A4F7556}") = "10.FlagEnums", "10.FlagEnums\10.FlagEnums.csproj", "{F506DF77-1317-45EF-A796-3AF42C0E99CA}"
EndProject
Project("{2150E333-8FDC-42A3-9474-1A3956D46DE8}") = "Session08", "Session08", "{2AB963BD-080A-446B-937A-A2F13E6ADE11}"
EndProject
Project("{9A19103F-16F7-4668-BE54-9A1E7A4F7556}") = "11.TypeSafetyIssues", "11.TypeSafetyIssues\11.TypeSafetyIssues.csproj", "{57205CF7-B923-4763-98D5-EAF86EF5A5BD}"
EndProject
Project("{9A19103F-16F7-4668-BE54-9A1E7A4F7556}") = "12.GenericTypes", "12.GenericTypes\12.GenericTypes.csproj", "{881B60C0-03B7-47A2-A680-38732E020204}"
EndProject
Project("{9A19103F-16F7-4668-BE54-9A1E7A4F7556}") = "13.WhyGenericsExist", "13.WhyGenericsExist\13.WhyGenericsExist.csproj", "{11507635-9ADC-40D0-8122-4EB8BA041A58}"
EndProject
Project("{9A19103F-16F7-4668-BE54-9A1E7A4F7556}") = "14.GenericMethods", "14.GenericMethods\14.GenericMethods.csproj", "{BD799F68-F8E8-4018-8F01-7F5CCACE6196}"
EndProject
Project("{9A19103F-16F7-4668-BE54-9A1E7A4F7556}") = "15.DeclaringTypeParameters", "15.DeclaringTypeParameters\15.DeclaringTypeParameters.csproj", "{4370F5D9-946D-463F-B007-30553121CB52}"
EndProject
Project("{9A19103F-16F7-4668-BE54-9A1E7A4F7556}") = "16.UnboundGenericTypes", "16.UnboundGenericTypes\16.UnboundGenericTypes.csproj", "{8A1FE3A6-8FA8-43C2-82A0-8291E102DB24}"
EndProject
Project("{9A19103F-16F7-4668-BE54-9A1E7A4F7556}") = "17.DefaultGenericValue", "17.DefaultGenericValue\17.DefaultGenericValue.csproj", "{0C7B2D1B-1305-443C-B42C-75414CE67F11}"
EndProject
Project("{9A19103F-16F7-4668-BE54-9A1E7A4F7556}") = "18.GenericConstraints", "18.GenericConstraints\18.GenericConstraints.csproj", "{04D986A3-2785-459D-A8D3-F25109C0318A}"
EndProject
Project("{9A19103F-16F7-4668-BE54-9A1E7A4F7556}") = "19.SubclassingGenericTypest", "19.SubclassingGenericTypest\19.SubclassingGenericTypest.csproj", "{A2A8D308-A5AF-4242-8C62-CA74BB1E5DAF}"
EndProject
Project("{9A19103F-16F7-4668-BE54-9A1E7A4F7556}") = "20.SelfReferencingGenericDeclarations", "20.SelfReferencingGenericDeclarations\20.SelfReferencingGenericDeclarations.csproj", "{73E1B5B4-917C-47AB-9A6F-D0CC0FD4000B}"
EndProject
Project("{2150E333-8FDC-42A3-9474-1A3956D46DE8}") = "Session09", "Session09", "{79EF9717-5FA6-4749-A7F2-FA63F0C6C3B4}"
EndProject
Project("{FAE04EC0-301F-11D3-BF4B-00C04F79EFBC}") = "21.TypeParametersAndConversions", "21.TypeParametersAndConversions\21.TypeParametersAndConversions.csproj", "{07A24B2A-6A68-488E-90A9-6DA9405B8C96}"
EndProject
Project("{FAE04EC0-301F-11D3-BF4B-00C04F79EFBC}") = "22.CovarianceClasses", "22.CovarianceClasses\22.CovarianceClasses.csproj", "{EF1DEDA4-479A-47A4-A29D-72AB7E66A6E3}"
EndProject
Project("{FAE04EC0-301F-11D3-BF4B-00C04F79EFBC}") = "23.CovarianceArrays", "23.CovarianceArrays\23.CovarianceArrays.csproj", "{ECF85031-FE1C-42D9-9C0F-FB5F5A816F38}"
EndProject
Project("{FAE04EC0-301F-11D3-BF4B-00C04F79EFBC}") = "23.CovarianceInterfaces", "23.CovarianceInterfaces\23.CovarianceInterfaces.csproj", "{F662E771-A02A-4B0D-9E80-9E9D0F7A6179}"
EndProject
Project("{FAE04EC0-301F-11D3-BF4B-00C04F79EFBC}") = "24.ContravarianceInterfaces", "24.ContravarianceInterfaces\24.ContravarianceInterfaces.csproj", "{E1808E31-2CA6-4523-8C8A-D38B9D7C2938}"
EndProject
Global
	GlobalSection(SolutionConfigurationPlatforms) = preSolution
		Debug|Any CPU = Debug|Any CPU
		Release|Any CPU = Release|Any CPU
	EndGlobalSection
	GlobalSection(ProjectConfigurationPlatforms) = postSolution
		{549F961F-9588-4D64-BFAB-EDA29DA23013}.Debug|Any CPU.ActiveCfg = Debug|Any CPU
		{549F961F-9588-4D64-BFAB-EDA29DA23013}.Debug|Any CPU.Build.0 = Debug|Any CPU
		{549F961F-9588-4D64-BFAB-EDA29DA23013}.Release|Any CPU.ActiveCfg = Release|Any CPU
		{549F961F-9588-4D64-BFAB-EDA29DA23013}.Release|Any CPU.Build.0 = Release|Any CPU
		{93169F82-5F98-4068-BD1B-A3B5A3FB08C8}.Debug|Any CPU.ActiveCfg = Debug|Any CPU
		{93169F82-5F98-4068-BD1B-A3B5A3FB08C8}.Debug|Any CPU.Build.0 = Debug|Any CPU
		{93169F82-5F98-4068-BD1B-A3B5A3FB08C8}.Release|Any CPU.ActiveCfg = Release|Any CPU
		{93169F82-5F98-4068-BD1B-A3B5A3FB08C8}.Release|Any CPU.Build.0 = Release|Any CPU
		{4E1CDC0E-E1A8-45FF-8518-A5A249BDA579}.Debug|Any CPU.ActiveCfg = Debug|Any CPU
		{4E1CDC0E-E1A8-45FF-8518-A5A249BDA579}.Debug|Any CPU.Build.0 = Debug|Any CPU
		{4E1CDC0E-E1A8-45FF-8518-A5A249BDA579}.Release|Any CPU.ActiveCfg = Release|Any CPU
		{4E1CDC0E-E1A8-45FF-8518-A5A249BDA579}.Release|Any CPU.Build.0 = Release|Any CPU
		{D630C019-6FE8-49FE-9FB7-FA0E48929264}.Debug|Any CPU.ActiveCfg = Debug|Any CPU
		{D630C019-6FE8-49FE-9FB7-FA0E48929264}.Debug|Any CPU.Build.0 = Debug|Any CPU
		{D630C019-6FE8-49FE-9FB7-FA0E48929264}.Release|Any CPU.ActiveCfg = Release|Any CPU
		{D630C019-6FE8-49FE-9FB7-FA0E48929264}.Release|Any CPU.Build.0 = Release|Any CPU
		{58D859B5-160D-4268-8D5D-1360D28374EE}.Debug|Any CPU.ActiveCfg = Debug|Any CPU
		{58D859B5-160D-4268-8D5D-1360D28374EE}.Debug|Any CPU.Build.0 = Debug|Any CPU
		{58D859B5-160D-4268-8D5D-1360D28374EE}.Release|Any CPU.ActiveCfg = Release|Any CPU
		{58D859B5-160D-4268-8D5D-1360D28374EE}.Release|Any CPU.Build.0 = Release|Any CPU
		{55DD7D9A-D5C6-4391-9D5D-9A5D37288E1D}.Debug|Any CPU.ActiveCfg = Debug|Any CPU
		{55DD7D9A-D5C6-4391-9D5D-9A5D37288E1D}.Debug|Any CPU.Build.0 = Debug|Any CPU
		{55DD7D9A-D5C6-4391-9D5D-9A5D37288E1D}.Release|Any CPU.ActiveCfg = Release|Any CPU
		{55DD7D9A-D5C6-4391-9D5D-9A5D37288E1D}.Release|Any CPU.Build.0 = Release|Any CPU
		{9259FD90-19F2-4404-A7AD-6C60902AE8CE}.Debug|Any CPU.ActiveCfg = Debug|Any CPU
		{9259FD90-19F2-4404-A7AD-6C60902AE8CE}.Debug|Any CPU.Build.0 = Debug|Any CPU
		{9259FD90-19F2-4404-A7AD-6C60902AE8CE}.Release|Any CPU.ActiveCfg = Release|Any CPU
		{9259FD90-19F2-4404-A7AD-6C60902AE8CE}.Release|Any CPU.Build.0 = Release|Any CPU
		{9D2B4695-DBAE-4C74-BE89-3049985E0A29}.Debug|Any CPU.ActiveCfg = Debug|Any CPU
		{9D2B4695-DBAE-4C74-BE89-3049985E0A29}.Debug|Any CPU.Build.0 = Debug|Any CPU
		{9D2B4695-DBAE-4C74-BE89-3049985E0A29}.Release|Any CPU.ActiveCfg = Release|Any CPU
		{9D2B4695-DBAE-4C74-BE89-3049985E0A29}.Release|Any CPU.Build.0 = Release|Any CPU
		{A1C8F058-803B-4145-9952-759B9D61135D}.Debug|Any CPU.ActiveCfg = Debug|Any CPU
		{A1C8F058-803B-4145-9952-759B9D61135D}.Debug|Any CPU.Build.0 = Debug|Any CPU
		{A1C8F058-803B-4145-9952-759B9D61135D}.Release|Any CPU.ActiveCfg = Release|Any CPU
		{A1C8F058-803B-4145-9952-759B9D61135D}.Release|Any CPU.Build.0 = Release|Any CPU
		{F506DF77-1317-45EF-A796-3AF42C0E99CA}.Debug|Any CPU.ActiveCfg = Debug|Any CPU
		{F506DF77-1317-45EF-A796-3AF42C0E99CA}.Debug|Any CPU.Build.0 = Debug|Any CPU
		{F506DF77-1317-45EF-A796-3AF42C0E99CA}.Release|Any CPU.ActiveCfg = Release|Any CPU
		{F506DF77-1317-45EF-A796-3AF42C0E99CA}.Release|Any CPU.Build.0 = Release|Any CPU
		{57205CF7-B923-4763-98D5-EAF86EF5A5BD}.Debug|Any CPU.ActiveCfg = Debug|Any CPU
		{57205CF7-B923-4763-98D5-EAF86EF5A5BD}.Debug|Any CPU.Build.0 = Debug|Any CPU
		{57205CF7-B923-4763-98D5-EAF86EF5A5BD}.Release|Any CPU.ActiveCfg = Release|Any CPU
		{57205CF7-B923-4763-98D5-EAF86EF5A5BD}.Release|Any CPU.Build.0 = Release|Any CPU
		{881B60C0-03B7-47A2-A680-38732E020204}.Debug|Any CPU.ActiveCfg = Debug|Any CPU
		{881B60C0-03B7-47A2-A680-38732E020204}.Debug|Any CPU.Build.0 = Debug|Any CPU
		{881B60C0-03B7-47A2-A680-38732E020204}.Release|Any CPU.ActiveCfg = Release|Any CPU
		{881B60C0-03B7-47A2-A680-38732E020204}.Release|Any CPU.Build.0 = Release|Any CPU
		{11507635-9ADC-40D0-8122-4EB8BA041A58}.Debug|Any CPU.ActiveCfg = Debug|Any CPU
		{11507635-9ADC-40D0-8122-4EB8BA041A58}.Debug|Any CPU.Build.0 = Debug|Any CPU
		{11507635-9ADC-40D0-8122-4EB8BA041A58}.Release|Any CPU.ActiveCfg = Release|Any CPU
		{11507635-9ADC-40D0-8122-4EB8BA041A58}.Release|Any CPU.Build.0 = Release|Any CPU
		{BD799F68-F8E8-4018-8F01-7F5CCACE6196}.Debug|Any CPU.ActiveCfg = Debug|Any CPU
		{BD799F68-F8E8-4018-8F01-7F5CCACE6196}.Debug|Any CPU.Build.0 = Debug|Any CPU
		{BD799F68-F8E8-4018-8F01-7F5CCACE6196}.Release|Any CPU.ActiveCfg = Release|Any CPU
		{BD799F68-F8E8-4018-8F01-7F5CCACE6196}.Release|Any CPU.Build.0 = Release|Any CPU
		{4370F5D9-946D-463F-B007-30553121CB52}.Debug|Any CPU.ActiveCfg = Debug|Any CPU
		{4370F5D9-946D-463F-B007-30553121CB52}.Debug|Any CPU.Build.0 = Debug|Any CPU
		{4370F5D9-946D-463F-B007-30553121CB52}.Release|Any CPU.ActiveCfg = Release|Any CPU
		{4370F5D9-946D-463F-B007-30553121CB52}.Release|Any CPU.Build.0 = Release|Any CPU
		{8A1FE3A6-8FA8-43C2-82A0-8291E102DB24}.Debug|Any CPU.ActiveCfg = Debug|Any CPU
		{8A1FE3A6-8FA8-43C2-82A0-8291E102DB24}.Debug|Any CPU.Build.0 = Debug|Any CPU
		{8A1FE3A6-8FA8-43C2-82A0-8291E102DB24}.Release|Any CPU.ActiveCfg = Release|Any CPU
		{8A1FE3A6-8FA8-43C2-82A0-8291E102DB24}.Release|Any CPU.Build.0 = Release|Any CPU
		{0C7B2D1B-1305-443C-B42C-75414CE67F11}.Debug|Any CPU.ActiveCfg = Debug|Any CPU
		{0C7B2D1B-1305-443C-B42C-75414CE67F11}.Debug|Any CPU.Build.0 = Debug|Any CPU
		{0C7B2D1B-1305-443C-B42C-75414CE67F11}.Release|Any CPU.ActiveCfg = Release|Any CPU
		{0C7B2D1B-1305-443C-B42C-75414CE67F11}.Release|Any CPU.Build.0 = Release|Any CPU
		{04D986A3-2785-459D-A8D3-F25109C0318A}.Debug|Any CPU.ActiveCfg = Debug|Any CPU
		{04D986A3-2785-459D-A8D3-F25109C0318A}.Debug|Any CPU.Build.0 = Debug|Any CPU
		{04D986A3-2785-459D-A8D3-F25109C0318A}.Release|Any CPU.ActiveCfg = Release|Any CPU
		{04D986A3-2785-459D-A8D3-F25109C0318A}.Release|Any CPU.Build.0 = Release|Any CPU
		{A2A8D308-A5AF-4242-8C62-CA74BB1E5DAF}.Debug|Any CPU.ActiveCfg = Debug|Any CPU
		{A2A8D308-A5AF-4242-8C62-CA74BB1E5DAF}.Debug|Any CPU.Build.0 = Debug|Any CPU
		{A2A8D308-A5AF-4242-8C62-CA74BB1E5DAF}.Release|Any CPU.ActiveCfg = Release|Any CPU
		{A2A8D308-A5AF-4242-8C62-CA74BB1E5DAF}.Release|Any CPU.Build.0 = Release|Any CPU
		{73E1B5B4-917C-47AB-9A6F-D0CC0FD4000B}.Debug|Any CPU.ActiveCfg = Debug|Any CPU
		{73E1B5B4-917C-47AB-9A6F-D0CC0FD4000B}.Debug|Any CPU.Build.0 = Debug|Any CPU
		{73E1B5B4-917C-47AB-9A6F-D0CC0FD4000B}.Release|Any CPU.ActiveCfg = Release|Any CPU
		{73E1B5B4-917C-47AB-9A6F-D0CC0FD4000B}.Release|Any CPU.Build.0 = Release|Any CPU
		{07A24B2A-6A68-488E-90A9-6DA9405B8C96}.Debug|Any CPU.ActiveCfg = Debug|Any CPU
		{07A24B2A-6A68-488E-90A9-6DA9405B8C96}.Debug|Any CPU.Build.0 = Debug|Any CPU
		{07A24B2A-6A68-488E-90A9-6DA9405B8C96}.Release|Any CPU.ActiveCfg = Release|Any CPU
		{07A24B2A-6A68-488E-90A9-6DA9405B8C96}.Release|Any CPU.Build.0 = Release|Any CPU
		{EF1DEDA4-479A-47A4-A29D-72AB7E66A6E3}.Debug|Any CPU.ActiveCfg = Debug|Any CPU
		{EF1DEDA4-479A-47A4-A29D-72AB7E66A6E3}.Debug|Any CPU.Build.0 = Debug|Any CPU
		{EF1DEDA4-479A-47A4-A29D-72AB7E66A6E3}.Release|Any CPU.ActiveCfg = Release|Any CPU
		{EF1DEDA4-479A-47A4-A29D-72AB7E66A6E3}.Release|Any CPU.Build.0 = Release|Any CPU
		{ECF85031-FE1C-42D9-9C0F-FB5F5A816F38}.Debug|Any CPU.ActiveCfg = Debug|Any CPU
		{ECF85031-FE1C-42D9-9C0F-FB5F5A816F38}.Debug|Any CPU.Build.0 = Debug|Any CPU
		{ECF85031-FE1C-42D9-9C0F-FB5F5A816F38}.Release|Any CPU.ActiveCfg = Release|Any CPU
		{ECF85031-FE1C-42D9-9C0F-FB5F5A816F38}.Release|Any CPU.Build.0 = Release|Any CPU
		{F662E771-A02A-4B0D-9E80-9E9D0F7A6179}.Debug|Any CPU.ActiveCfg = Debug|Any CPU
		{F662E771-A02A-4B0D-9E80-9E9D0F7A6179}.Debug|Any CPU.Build.0 = Debug|Any CPU
		{F662E771-A02A-4B0D-9E80-9E9D0F7A6179}.Release|Any CPU.ActiveCfg = Release|Any CPU
		{F662E771-A02A-4B0D-9E80-9E9D0F7A6179}.Release|Any CPU.Build.0 = Release|Any CPU
		{E1808E31-2CA6-4523-8C8A-D38B9D7C2938}.Debug|Any CPU.ActiveCfg = Debug|Any CPU
		{E1808E31-2CA6-4523-8C8A-D38B9D7C2938}.Debug|Any CPU.Build.0 = Debug|Any CPU
		{E1808E31-2CA6-4523-8C8A-D38B9D7C2938}.Release|Any CPU.ActiveCfg = Release|Any CPU
		{E1808E31-2CA6-4523-8C8A-D38B9D7C2938}.Release|Any CPU.Build.0 = Release|Any CPU
	EndGlobalSection
	GlobalSection(SolutionProperties) = preSolution
		HideSolutionNode = FALSE
	EndGlobalSection
	GlobalSection(NestedProjects) = preSolution
		{549F961F-9588-4D64-BFAB-EDA29DA23013} = {001B0002-0F33-465D-96ED-661C6EA3103A}
		{93169F82-5F98-4068-BD1B-A3B5A3FB08C8} = {001B0002-0F33-465D-96ED-661C6EA3103A}
		{4E1CDC0E-E1A8-45FF-8518-A5A249BDA579} = {001B0002-0F33-465D-96ED-661C6EA3103A}
		{D630C019-6FE8-49FE-9FB7-FA0E48929264} = {001B0002-0F33-465D-96ED-661C6EA3103A}
		{58D859B5-160D-4268-8D5D-1360D28374EE} = {001B0002-0F33-465D-96ED-661C6EA3103A}
		{55DD7D9A-D5C6-4391-9D5D-9A5D37288E1D} = {001B0002-0F33-465D-96ED-661C6EA3103A}
		{9259FD90-19F2-4404-A7AD-6C60902AE8CE} = {001B0002-0F33-465D-96ED-661C6EA3103A}
		{9D2B4695-DBAE-4C74-BE89-3049985E0A29} = {001B0002-0F33-465D-96ED-661C6EA3103A}
		{A1C8F058-803B-4145-9952-759B9D61135D} = {001B0002-0F33-465D-96ED-661C6EA3103A}
		{F506DF77-1317-45EF-A796-3AF42C0E99CA} = {001B0002-0F33-465D-96ED-661C6EA3103A}
		{57205CF7-B923-4763-98D5-EAF86EF5A5BD} = {2AB963BD-080A-446B-937A-A2F13E6ADE11}
		{881B60C0-03B7-47A2-A680-38732E020204} = {2AB963BD-080A-446B-937A-A2F13E6ADE11}
		{11507635-9ADC-40D0-8122-4EB8BA041A58} = {2AB963BD-080A-446B-937A-A2F13E6ADE11}
		{BD799F68-F8E8-4018-8F01-7F5CCACE6196} = {2AB963BD-080A-446B-937A-A2F13E6ADE11}
		{4370F5D9-946D-463F-B007-30553121CB52} = {2AB963BD-080A-446B-937A-A2F13E6ADE11}
		{8A1FE3A6-8FA8-43C2-82A0-8291E102DB24} = {2AB963BD-080A-446B-937A-A2F13E6ADE11}
		{0C7B2D1B-1305-443C-B42C-75414CE67F11} = {2AB963BD-080A-446B-937A-A2F13E6ADE11}
		{04D986A3-2785-459D-A8D3-F25109C0318A} = {2AB963BD-080A-446B-937A-A2F13E6ADE11}
		{A2A8D308-A5AF-4242-8C62-CA74BB1E5DAF} = {2AB963BD-080A-446B-937A-A2F13E6ADE11}
		{73E1B5B4-917C-47AB-9A6F-D0CC0FD4000B} = {2AB963BD-080A-446B-937A-A2F13E6ADE11}
		{07A24B2A-6A68-488E-90A9-6DA9405B8C96} = {79EF9717-5FA6-4749-A7F2-FA63F0C6C3B4}
		{EF1DEDA4-479A-47A4-A29D-72AB7E66A6E3} = {79EF9717-5FA6-4749-A7F2-FA63F0C6C3B4}
		{ECF85031-FE1C-42D9-9C0F-FB5F5A816F38} = {79EF9717-5FA6-4749-A7F2-FA63F0C6C3B4}
		{F662E771-A02A-4B0D-9E80-9E9D0F7A6179} = {79EF9717-5FA6-4749-A7F2-FA63F0C6C3B4}
		{E1808E31-2CA6-4523-8C8A-D38B9D7C2938} = {79EF9717-5FA6-4749-A7F2-FA63F0C6C3B4}
	EndGlobalSection
	GlobalSection(ExtensibilityGlobals) = postSolution
		SolutionGuid = {790BD0FD-B613-4D32-9CE7-C34FA4B7EEC8}
	EndGlobalSection
EndGlobal
