
Microsoft Visual Studio Solution File, Format Version 12.00
# Visual Studio Version 17
VisualStudioVersion = 17.8.34322.80
MinimumVisualStudioVersion = 10.0.40219.1
Project("{2150E333-8FDC-42A3-9474-1A3956D46DE8}") = "Session07", "Session07", "{001B0002-0F33-465D-96ED-661C6EA3103A}"
EndProject
Project("{9A19103F-16F7-4668-BE54-9A1E7A4F7556}") = "01.Interfaces", "01.Interfaces\01.Interfaces.csproj", "{549F961F-9588-4D64-BFAB-EDA29DA23013}"
EndProject
Project("{9A19103F-16F7-4668-BE54-9A1E7A4F7556}") = "02.ExplicitInterfaceImplementation", "02.ExplicitInterfaceImplementation\02.ExplicitInterfaceImplementation.csproj", "{93169F82-5F98-4068-BD1B-A3B5A3FB08C8}"
EndProject
Project("{9A19103F-16F7-4668-BE54-9A1E7A4F7556}") = "03.ImplementingMembersVirtually", "03.ImplementingMembersVirtually\03.ImplementingMembersVirtually.csproj", "{4E1CDC0E-E1A8-45FF-8518-A5A249BDA579}"
EndProject
Project("{9A19103F-16F7-4668-BE54-9A1E7A4F7556}") = "04.SubclassReimplementingInterface", "04.SubclassReimplementingInterface\04.SubclassReimplementingInterface.csproj", "{D630C019-6FE8-49FE-9FB7-FA0E48929264}"
EndProject
Project("{9A19103F-16F7-4668-BE54-9A1E7A4F7556}") = "05.InterfacesAndBoxing", "05.InterfacesAndBoxing\05.InterfacesAndBoxing.csproj", "{58D859B5-160D-4268-8D5D-1360D28374EE}"
EndProject
Project("{9A19103F-16F7-4668-BE54-9A1E7A4F7556}") = "06.DefaultInterfaceMembers", "06.DefaultInterfaceMembers\06.DefaultInterfaceMembers.csproj", "{55DD7D9A-D5C6-4391-9D5D-9A5D37288E1D}"
EndProject
Project("{9A19103F-16F7-4668-BE54-9A1E7A4F7556}") = "07.StaticInterfaceMembers", "07.StaticInterfaceMembers\07.StaticInterfaceMembers.csproj", "{9259FD90-19F2-4404-A7AD-6C60902AE8CE}"
EndProject
Project("{9A19103F-16F7-4668-BE54-9A1E7A4F7556}") = "08.Enums", "08.Enums\08.Enums.csproj", "{9D2B4695-DBAE-4C74-BE89-3049985E0A29}"
EndProject
Project("{9A19103F-16F7-4668-BE54-9A1E7A4F7556}") = "09.EnumConversions", "09.EnumConversions\09.EnumConversions.csproj", "{A1C8F058-803B-4145-9952-759B9D61135D}"
EndProject
Project("{9A19103F-16F7-4668-BE54-9A1E7A4F7556}") = "10.FlagEnums", "10.FlagEnums\10.FlagEnums.csproj", "{F506DF77-1317-45EF-A796-3AF42C0E99CA}"
EndProject
Project("{2150E333-8FDC-42A3-9474-1A3956D46DE8}") = "Session08", "Session08", "{2AB963BD-080A-446B-937A-A2F13E6ADE11}"
EndProject
Project("{9A19103F-16F7-4668-BE54-9A1E7A4F7556}") = "11.TypeSafetyIssues", "11.TypeSafetyIssues\11.TypeSafetyIssues.csproj", "{57205CF7-B923-4763-98D5-EAF86EF5A5BD}"
EndProject
Project("{9A19103F-16F7-4668-BE54-9A1E7A4F7556}") = "12.GenericTypes", "12.GenericTypes\12.GenericTypes.csproj", "{881B60C0-03B7-47A2-A680-38732E020204}"
EndProject
Project("{9A19103F-16F7-4668-BE54-9A1E7A4F7556}") = "13.WhyGenericsExist", "13.WhyGenericsExist\13.WhyGenericsExist.csproj", "{11507635-9ADC-40D0-8122-4EB8BA041A58}"
EndProject
Project("{9A19103F-16F7-4668-BE54-9A1E7A4F7556}") = "14.GenericMethods", "14.GenericMethods\14.GenericMethods.csproj", "{BD799F68-F8E8-4018-8F01-7F5CCACE6196}"
EndProject
Project("{9A19103F-16F7-4668-BE54-9A1E7A4F7556}") = "15.DeclaringTypeParameters", "15.DeclaringTypeParameters\15.DeclaringTypeParameters.csproj", "{4370F5D9-946D-463F-B007-30553121CB52}"
EndProject
Project("{9A19103F-16F7-4668-BE54-9A1E7A4F7556}") = "16.UnboundGenericTypes", "16.UnboundGenericTypes\16.UnboundGenericTypes.csproj", "{8A1FE3A6-8FA8-43C2-82A0-8291E102DB24}"
EndProject
Project("{9A19103F-16F7-4668-BE54-9A1E7A4F7556}") = "17.DefaultGenericValue", "17.DefaultGenericValue\17.DefaultGenericValue.csproj", "{0C7B2D1B-1305-443C-B42C-75414CE67F11}"
EndProject
Project("{9A19103F-16F7-4668-BE54-9A1E7A4F7556}") = "18.GenericConstraints", "18.GenericConstraints\18.GenericConstraints.csproj", "{04D986A3-2785-459D-A8D3-F25109C0318A}"
EndProject
Project("{9A19103F-16F7-4668-BE54-9A1E7A4F7556}") = "19.SubclassingGenericTypest", "19.SubclassingGenericTypest\19.SubclassingGenericTypest.csproj", "{A2A8D308-A5AF-4242-8C62-CA74BB1E5DAF}"
EndProject
Project("{9A19103F-16F7-4668-BE54-9A1E7A4F7556}") = "20.SelfReferencingGenericDeclarations", "20.SelfReferencingGenericDeclarations\20.SelfReferencingGenericDeclarations.csproj", "{73E1B5B4-917C-47AB-9A6F-D0CC0FD4000B}"
EndProject
Project("{2150E333-8FDC-42A3-9474-1A3956D46DE8}") = "Session09", "Session09", "{79EF9717-5FA6-4749-A7F2-FA63F0C6C3B4}"
EndProject
Project("{9A19103F-16F7-4668-BE54-9A1E7A4F7556}") = "21.TypeParametersAndConversions", "21.TypeParametersAndConversions\21.TypeParametersAndConversions.csproj", "{07A24B2A-6A68-488E-90A9-6DA9405B8C96}"
EndProject
Project("{9A19103F-16F7-4668-BE54-9A1E7A4F7556}") = "22.CovarianceClasses", "22.CovarianceClasses\22.CovarianceClasses.csproj", "{EF1DEDA4-479A-47A4-A29D-72AB7E66A6E3}"
EndProject
Project("{9A19103F-16F7-4668-BE54-9A1E7A4F7556}") = "23.CovarianceArrays", "23.CovarianceArrays\23.CovarianceArrays.csproj", "{ECF85031-FE1C-42D9-9C0F-FB5F5A816F38}"
EndProject
Project("{9A19103F-16F7-4668-BE54-9A1E7A4F7556}") = "23.CovarianceInterfaces", "23.CovarianceInterfaces\23.CovarianceInterfaces.csproj", "{F662E771-A02A-4B0D-9E80-9E9D0F7A6179}"
EndProject
Project("{9A19103F-16F7-4668-BE54-9A1E7A4F7556}") = "24.ContravarianceInterfaces", "24.ContravarianceInterfaces\24.ContravarianceInterfaces.csproj", "{E1808E31-2CA6-4523-8C8A-D38B9D7C2938}"
EndProject
Project("{2150E333-8FDC-42A3-9474-1A3956D46DE8}") = "Session10", "Session10", "{D1B73FD1-D2A4-49A4-9055-C93146766EC8}"
EndProject
Project("{9A19103F-16F7-4668-BE54-9A1E7A4F7556}") = "25.Delegates", "25.Delegates\25.Delegates.csproj", "{DFBBE057-DEF5-4ECB-86F2-99494CB10523}"
EndProject
Project("{9A19103F-16F7-4668-BE54-9A1E7A4F7556}") = "26.DelegatesPlugInMethods", "26.DelegatesPlugInMethods\26.DelegatesPlugInMethods.csproj", "{74B79A9E-1F2C-41AD-BA4F-43639E1AA483}"
EndProject
Project("{9A19103F-16F7-4668-BE54-9A1E7A4F7556}") = "27.StaticMethodTarget", "27.StaticMethodTarget\27.StaticMethodTarget.csproj", "{E3912B71-3B62-4F33-990C-710BF944CCD6}"
EndProject
Project("{9A19103F-16F7-4668-BE54-9A1E7A4F7556}") = "28.InstanceMethodTarget", "28.InstanceMethodTarget\28.InstanceMethodTarget.csproj", "{3F222C58-F427-463E-A313-0BD78794F50C}"
EndProject
Project("{9A19103F-16F7-4668-BE54-9A1E7A4F7556}") = "29.MulticastDelegates", "29.MulticastDelegates\29.MulticastDelegates.csproj", "{958AE322-42B7-4128-B9EA-473706A33C73}"
EndProject
Project("{9A19103F-16F7-4668-BE54-9A1E7A4F7556}") = "30.ProgressReporter", "30.ProgressReporter\30.ProgressReporter.csproj", "{EE9EB4BD-BC0A-495A-9189-C3480E58D8D5}"
EndProject
Project("{9A19103F-16F7-4668-BE54-9A1E7A4F7556}") = "31.GenericDelegateTypes", "31.GenericDelegateTypes\31.GenericDelegateTypes.csproj", "{3E895B53-9D2E-4506-992D-C6733F3F074A}"
EndProject
Project("{9A19103F-16F7-4668-BE54-9A1E7A4F7556}") = "32.FuncNActionDelegates", "32.FuncNActionDelegates\32.FuncNActionDelegates.csproj", "{67B7942E-E15D-4702-B4AF-9B2BB1FF9B0B}"
EndProject
Project("{9A19103F-16F7-4668-BE54-9A1E7A4F7556}") = "33.DelegatesvsInterfaces", "33.DelegatesvsInterfaces\33.DelegatesvsInterfaces.csproj", "{E09E4903-E24B-4BFB-980E-4133D982B06D}"
EndProject
Project("{9A19103F-16F7-4668-BE54-9A1E7A4F7556}") = "34.DelegateTypeIncompatibility", "34.DelegateTypeIncompatibility\34.DelegateTypeIncompatibility.csproj", "{13D531BA-BAB3-447A-B1F1-29DC30ED7B88}"
EndProject
Project("{9A19103F-16F7-4668-BE54-9A1E7A4F7556}") = "35.DelegatesContravariance", "35.DelegatesContravariance\35.DelegatesContravariance.csproj", "{C448348D-2BAD-4D9D-9E00-B3FD9F3AA416}"
EndProject
Project("{9A19103F-16F7-4668-BE54-9A1E7A4F7556}") = "36.DelegatesCovariance", "36.DelegatesCovariance\36.DelegatesCovariance.csproj", "{08199533-3CF7-4AF2-BB96-57BC29622F6F}"
EndProject
Project("{9A19103F-16F7-4668-BE54-9A1E7A4F7556}") = "37.DelegatesTypeParameterVariance", "37.DelegatesTypeParameterVariance\37.DelegatesTypeParameterVariance.csproj", "{6B822B37-E97C-4623-A01A-6430D06EA3A9}"
EndProject
Project("{2150E333-8FDC-42A3-9474-1A3956D46DE8}") = "Session11", "Session11", "{ACCF3D71-F152-4FB0-A47B-55FFF164F2E5}"
EndProject
Project("{9A19103F-16F7-4668-BE54-9A1E7A4F7556}") = "38.Events", "38.Events\38.Events.csproj", "{75882DF8-A82B-4FD2-ABA3-684CF64C0267}"
EndProject
Project("{9A19103F-16F7-4668-BE54-9A1E7A4F7556}") = "39.StandardEventPattern", "39.StandardEventPattern\39.StandardEventPattern.csproj", "{AD331CCA-A2D5-45BB-A3FC-E00DCDBECC8D}"
EndProject
Project("{9A19103F-16F7-4668-BE54-9A1E7A4F7556}") = "40.EventAccessors", "40.EventAccessors\40.EventAccessors.csproj", "{17E7A494-53E0-4976-91C7-5A6C43CF7643}"
EndProject
Project("{9A19103F-16F7-4668-BE54-9A1E7A4F7556}") = "41.LambdaExpressions", "41.LambdaExpressions\41.LambdaExpressions.csproj", "{44FE0638-3051-4ED5-9124-F030FFA0F9BD}"
EndProject
Project("{9A19103F-16F7-4668-BE54-9A1E7A4F7556}") = "42.LambdaExpressionsDefaultParameters", "42.LambdaExpressionsDefaultParameters\42.LambdaExpressionsDefaultParameters.csproj", "{BADC3CC4-7EA3-4650-AF21-4E00D68FF7EC}"
EndProject
Project("{9A19103F-16F7-4668-BE54-9A1E7A4F7556}") = "43.CapturingOuterVariables", "43.CapturingOuterVariables\43.CapturingOuterVariables.csproj", "{C2322A18-5056-4328-8827-DAF5C0E569EE}"
EndProject
Project("{9A19103F-16F7-4668-BE54-9A1E7A4F7556}") = "44.CapturingOuterVariablesLifetime", "44.CapturingOuterVariablesLifetime\44.CapturingOuterVariablesLifetime.csproj", "{C14904FC-0EB4-4DB4-A4AA-6DFFFCB6C365}"
EndProject
Project("{9A19103F-16F7-4668-BE54-9A1E7A4F7556}") = "45.CapturingOuterVariables Uniqueness", "45.CapturingOuterVariables Uniqueness\45.CapturingOuterVariables Uniqueness.csproj", "{1AEC1A12-F84E-4DF6-8049-5EF04B6893FE}"
EndProject
Project("{9A19103F-16F7-4668-BE54-9A1E7A4F7556}") = "46.Staticlambdas", "46.Staticlambdas\46.Staticlambdas.csproj", "{16873AF8-C509-4054-9BE3-AE9BB9360CEC}"
EndProject
Project("{9A19103F-16F7-4668-BE54-9A1E7A4F7556}") = "47.CapturingIterationVariables", "47.CapturingIterationVariables\47.CapturingIterationVariables.csproj", "{30B5F25D-363F-4F86-B1E4-A1D31D6F5255}"
EndProject
Project("{9A19103F-16F7-4668-BE54-9A1E7A4F7556}") = "48.CapturingIterationVariablesWorkaround", "48.CapturingIterationVariablesWorkaround\48.CapturingIterationVariablesWorkaround.csproj", "{66715411-7A4D-4279-8CBC-7607717D57A1}"
EndProject
Project("{2150E333-8FDC-42A3-9474-1A3956D46DE8}") = "Session12", "Session12", "{F0D29332-4BD8-49F7-88BC-80FEE1A2A4E0}"
EndProject
Project("{9A19103F-16F7-4668-BE54-9A1E7A4F7556}") = "49.AnonymousMethods", "49.AnonymousMethods\49.AnonymousMethods.csproj", "{D5897146-7F49-4520-B626-08ABDC61A2DB}"
EndProject
Project("{9A19103F-16F7-4668-BE54-9A1E7A4F7556}") = "50.ExceptionFilters", "50.ExceptionFilters\50.ExceptionFilters.csproj", "{1E6AC84D-3625-4ECF-B61A-6FC5EA20AD14}"
EndProject
Project("{9A19103F-16F7-4668-BE54-9A1E7A4F7556}") = "51.UsingDeclarations", "51.UsingDeclarations\51.UsingDeclarations.csproj", "{3AE7352C-2D24-46D6-BDBF-B8ACD188D0EE}"
EndProject
Project("{9A19103F-16F7-4668-BE54-9A1E7A4F7556}") = "52.ShortcutForArgumentNullException", "52.ShortcutForArgumentNullException\52.ShortcutForArgumentNullException.csproj", "{256190F2-F2DC-4E75-B936-B06DD68FFB04}"
EndProject
Project("{9A19103F-16F7-4668-BE54-9A1E7A4F7556}") = "53.TheTryXXX Pattern", "53.TheTryXXX Pattern\53.TheTryXXX Pattern.csproj", "{32E9435D-0FA5-4651-9D72-957E22B28A01}"
EndProject
Project("{9A19103F-16F7-4668-BE54-9A1E7A4F7556}") = "54.AtomicityPattern", "54.AtomicityPattern\54.AtomicityPattern.csproj", "{5AA1A5A1-1CBB-4E2D-997B-4F41B7AAA208}"
EndProject
Project("{9A19103F-16F7-4668-BE54-9A1E7A4F7556}") = "55.Enumeration", "55.Enumeration\55.Enumeration.csproj", "{E29785D4-616C-4926-840C-C351EF829DA8}"
EndProject
Project("{9A19103F-16F7-4668-BE54-9A1E7A4F7556}") = "56.CollectionExpressions", "56.CollectionExpressions\56.CollectionExpressions.csproj", "{404C3BD5-DF46-4DE8-93FE-DC84F1202AD5}"
EndProject
Project("{9A19103F-16F7-4668-BE54-9A1E7A4F7556}") = "57.CollectionExpressionsSpreadOperator", "57.CollectionExpressionsSpreadOperator\57.CollectionExpressionsSpreadOperator.csproj", "{42D8DA9B-2BEC-4080-B3C4-42536259BF80}"
EndProject
Project("{9A19103F-16F7-4668-BE54-9A1E7A4F7556}") = "58.Iterators", "58.Iterators\58.Iterators.csproj", "{BEE2DF86-AE69-48C1-AD63-92A23A63C9BD}"
EndProject
Project("{9A19103F-16F7-4668-BE54-9A1E7A4F7556}") = "59.ComposingIterators", "59.ComposingIterators\59.ComposingIterators.csproj", "{F98EAAF6-FC0D-4B25-9F7A-2F35E445D356}"
EndProject
Project("{2150E333-8FDC-42A3-9474-1A3956D46DE8}") = "Session13", "Session13", "{1F9E03ED-AD5F-43FC-BAE6-BEEF63563513}"
EndProject
Project("{9A19103F-16F7-4668-BE54-9A1E7A4F7556}") = "60.NullableTypes", "60.NullableTypes\60.NullableTypes.csproj", "{4FBD61C8-63E2-4BA7-B71E-7BDB0170DB4A}"
EndProject
Project("{9A19103F-16F7-4668-BE54-9A1E7A4F7556}") = "61.AmbientProperties", "61.AmbientProperties\61.AmbientProperties.csproj", "{9F2FE012-2643-4A76-9C7E-CE08A0AAE3CF}"
EndProject
Project("{9A19103F-16F7-4668-BE54-9A1E7A4F7556}") = "62.NullForgivingOperator", "62.NullForgivingOperator\62.NullForgivingOperator.csproj", "{E3E047F0-BF79-4D62-AE87-6F508C1FF851}"
EndProject
Project("{9A19103F-16F7-4668-BE54-9A1E7A4F7556}") = "63.NullableReferenceTypes", "63.NullableReferenceTypes\63.NullableReferenceTypes.csproj", "{CC12358E-157D-47F6-9BB8-A6C3B7556582}"
EndProject
Project("{9A19103F-16F7-4668-BE54-9A1E7A4F7556}") = "64.AnnotationAndWarningContexts", "64.AnnotationAndWarningContexts\64.AnnotationAndWarningContexts.csproj", "{9BD6CBB0-5E2E-4B31-A550-F288FE299EAF}"
EndProject
Project("{9A19103F-16F7-4668-BE54-9A1E7A4F7556}") = "65.ExtensionMethodChaining", "65.ExtensionMethodChaining\65.ExtensionMethodChaining.csproj", "{8D95ADBD-045F-4291-97A3-069CE0661505}"
EndProject
Project("{9A19103F-16F7-4668-BE54-9A1E7A4F7556}") = "66.ExtensionVSInstanceMethods", "66.ExtensionVSInstanceMethods\66.ExtensionVSInstanceMethods.csproj", "{DBB7F210-FE5A-4E5D-AB17-A10CDE7C0F33}"
EndProject
Project("{9A19103F-16F7-4668-BE54-9A1E7A4F7556}") = "67.ExtensionMethodsInterfaces", "67.ExtensionMethodsInterfaces\67.ExtensionMethodsInterfaces.csproj", "{5E6EEB7F-16A1-41B3-8EF0-D3B8BE9E351F}"
EndProject
Project("{9A19103F-16F7-4668-BE54-9A1E7A4F7556}") = "68.ExtensionMethodsCallingAnother", "68.ExtensionMethodsCallingAnother\68.ExtensionMethodsCallingAnother.csproj", "{06328493-B169-43A7-A2DD-01DF63F87D75}"
EndProject
Project("{2150E333-8FDC-42A3-9474-1A3956D46DE8}") = "Session14", "Session14", "{8D141560-5095-43F3-B99F-AD52110B89EC}"
EndProject
Project("{9A19103F-16F7-4668-BE54-9A1E7A4F7556}") = "69.AnonymousTypesNoIdentifiers", "69.AnonymousTypesNoIdentifiers\69.AnonymousTypesNoIdentifiers.csproj", "{E7E91050-9A02-4E6B-8390-47AF7B7AFCEF}"
EndProject
Project("{9A19103F-16F7-4668-BE54-9A1E7A4F7556}") = "70.AnonymousTypesIdentity", "70.AnonymousTypesIdentity\70.AnonymousTypesIdentity.csproj", "{1B756AC6-3E7A-4188-878A-4D84988689A1}"
EndProject
Project("{9A19103F-16F7-4668-BE54-9A1E7A4F7556}") = "71.TupleLiterals", "71.TupleLiterals\71.TupleLiterals.csproj", "{D9DE16C3-0C06-4364-9633-DD6D10901B27}"
EndProject
Project("{9A19103F-16F7-4668-BE54-9A1E7A4F7556}") = "72.ReturningTuple", "72.ReturningTuple\72.ReturningTuple.csproj", "{E487CE25-F19F-4CBF-903F-377945EE5987}"
EndProject
Project("{9A19103F-16F7-4668-BE54-9A1E7A4F7556}") = "73.NamingTupleElements", "73.NamingTupleElements\73.NamingTupleElements.csproj", "{4952E60C-381A-4910-BC3F-D51697675336}"
EndProject
Project("{9A19103F-16F7-4668-BE54-9A1E7A4F7556}") = "74.NamingTupleElementsTypes", "74.NamingTupleElementsTypes\74.NamingTupleElementsTypes.csproj", "{0F9DF28B-7EBD-439B-AF12-00D9EED9D579}"
EndProject
Project("{9A19103F-16F7-4668-BE54-9A1E7A4F7556}") = "75.TupleTypeCompatibility", "75.TupleTypeCompatibility\75.TupleTypeCompatibility.csproj", "{EC7114F6-9C20-428F-893D-B3932BD3FFE2}"
EndProject
Project("{9A19103F-16F7-4668-BE54-9A1E7A4F7556}") = "76.AliasingTuples", "76.AliasingTuples\76.AliasingTuples.csproj", "{B0C26419-D3C2-4724-B343-253AFDC11727}"
EndProject
Project("{9A19103F-16F7-4668-BE54-9A1E7A4F7556}") = "77.DeconstructingTuples", "77.DeconstructingTuples\77.DeconstructingTuples.csproj", "{E1715F27-F352-4302-8EB3-BD9BCC8F51F9}"
EndProject
Project("{9A19103F-16F7-4668-BE54-9A1E7A4F7556}") = "78.TuplesEqualityComparison", "78.TuplesEqualityComparison\78.TuplesEqualityComparison.csproj", "{6738E498-B267-4532-9C3A-C2938A3E4DEA}"
EndProject
Project("{FAE04EC0-301F-11D3-BF4B-00C04F79EFBC}") = "79.DefiningRecord", "79.DefiningRecord\79.DefiningRecord.csproj", "{91ADD401-B4BB-4F87-A337-5339B55F40E0}"
EndProject
Project("{FAE04EC0-301F-11D3-BF4B-00C04F79EFBC}") = "80.ParameterLists", "80.ParameterLists\80.ParameterLists.csproj", "{F53A5AD8-B5E4-4ADA-913D-C4D25BBE4EE0}"
EndProject
Project("{FAE04EC0-301F-11D3-BF4B-00C04F79EFBC}") = "81.NonDestructiveMutation", "81.NonDestructiveMutation\81.NonDestructiveMutation.csproj", "{2B9138C8-3BD0-41EE-B02D-9348426683E3}"
EndProject
Project("{2150E333-8FDC-42A3-9474-1A3956D46DE8}") = "Session15", "Session15", "{0806F790-CBD1-4598-9548-4666601E692D}"
EndProject
Project("{FAE04EC0-301F-11D3-BF4B-00C04F79EFBC}") = "82.RecordsPropertyValidation", "82.RecordsPropertyValidation\82.RecordsPropertyValidation.csproj", "{BCD7557A-6557-41AC-9F46-EA4C8D5AF596}"
EndProject
Project("{FAE04EC0-301F-11D3-BF4B-00C04F79EFBC}") = "83.RecordWithLazyCalculatedField", "83.RecordWithLazyCalculatedField\83.RecordWithLazyCalculatedField.csproj", "{CCE3DBD7-4726-45CC-A048-FF94780DAEAD}"
EndProject
Project("{FAE04EC0-301F-11D3-BF4B-00C04F79EFBC}") = "84.RecordWithLazyCalculatedFieldAlternative", "84.RecordWithLazyCalculatedFieldAlternative\84.RecordWithLazyCalculatedFieldAlternative.csproj", "{8C75234D-AE13-4064-98B2-CD6D90064C09}"
EndProject
Project("{FAE04EC0-301F-11D3-BF4B-00C04F79EFBC}") = "85.PrimaryConstructors", "85.PrimaryConstructors\85.PrimaryConstructors.csproj", "{4C4ADAB9-F184-4353-847F-8270914D40A8}"
EndProject
Project("{FAE04EC0-301F-11D3-BF4B-00C04F79EFBC}") = "86.RecordWithCustomizedEqualityComparison", "86.RecordWithCustomizedEqualityComparison\86.RecordWithCustomizedEqualityComparison.csproj", "{30A40924-A4D5-4398-AC96-FCC685380098}"
EndProject
Global
	GlobalSection(SolutionConfigurationPlatforms) = preSolution
		Debug|Any CPU = Debug|Any CPU
		Release|Any CPU = Release|Any CPU
	EndGlobalSection
	GlobalSection(ProjectConfigurationPlatforms) = postSolution
		{549F961F-9588-4D64-BFAB-EDA29DA23013}.Debug|Any CPU.ActiveCfg = Debug|Any CPU
		{549F961F-9588-4D64-BFAB-EDA29DA23013}.Debug|Any CPU.Build.0 = Debug|Any CPU
		{549F961F-9588-4D64-BFAB-EDA29DA23013}.Release|Any CPU.ActiveCfg = Release|Any CPU
		{549F961F-9588-4D64-BFAB-EDA29DA23013}.Release|Any CPU.Build.0 = Release|Any CPU
		{93169F82-5F98-4068-BD1B-A3B5A3FB08C8}.Debug|Any CPU.ActiveCfg = Debug|Any CPU
		{93169F82-5F98-4068-BD1B-A3B5A3FB08C8}.Debug|Any CPU.Build.0 = Debug|Any CPU
		{93169F82-5F98-4068-BD1B-A3B5A3FB08C8}.Release|Any CPU.ActiveCfg = Release|Any CPU
		{93169F82-5F98-4068-BD1B-A3B5A3FB08C8}.Release|Any CPU.Build.0 = Release|Any CPU
		{4E1CDC0E-E1A8-45FF-8518-A5A249BDA579}.Debug|Any CPU.ActiveCfg = Debug|Any CPU
		{4E1CDC0E-E1A8-45FF-8518-A5A249BDA579}.Debug|Any CPU.Build.0 = Debug|Any CPU
		{4E1CDC0E-E1A8-45FF-8518-A5A249BDA579}.Release|Any CPU.ActiveCfg = Release|Any CPU
		{4E1CDC0E-E1A8-45FF-8518-A5A249BDA579}.Release|Any CPU.Build.0 = Release|Any CPU
		{D630C019-6FE8-49FE-9FB7-FA0E48929264}.Debug|Any CPU.ActiveCfg = Debug|Any CPU
		{D630C019-6FE8-49FE-9FB7-FA0E48929264}.Debug|Any CPU.Build.0 = Debug|Any CPU
		{D630C019-6FE8-49FE-9FB7-FA0E48929264}.Release|Any CPU.ActiveCfg = Release|Any CPU
		{D630C019-6FE8-49FE-9FB7-FA0E48929264}.Release|Any CPU.Build.0 = Release|Any CPU
		{58D859B5-160D-4268-8D5D-1360D28374EE}.Debug|Any CPU.ActiveCfg = Debug|Any CPU
		{58D859B5-160D-4268-8D5D-1360D28374EE}.Debug|Any CPU.Build.0 = Debug|Any CPU
		{58D859B5-160D-4268-8D5D-1360D28374EE}.Release|Any CPU.ActiveCfg = Release|Any CPU
		{58D859B5-160D-4268-8D5D-1360D28374EE}.Release|Any CPU.Build.0 = Release|Any CPU
		{55DD7D9A-D5C6-4391-9D5D-9A5D37288E1D}.Debug|Any CPU.ActiveCfg = Debug|Any CPU
		{55DD7D9A-D5C6-4391-9D5D-9A5D37288E1D}.Debug|Any CPU.Build.0 = Debug|Any CPU
		{55DD7D9A-D5C6-4391-9D5D-9A5D37288E1D}.Release|Any CPU.ActiveCfg = Release|Any CPU
		{55DD7D9A-D5C6-4391-9D5D-9A5D37288E1D}.Release|Any CPU.Build.0 = Release|Any CPU
		{9259FD90-19F2-4404-A7AD-6C60902AE8CE}.Debug|Any CPU.ActiveCfg = Debug|Any CPU
		{9259FD90-19F2-4404-A7AD-6C60902AE8CE}.Debug|Any CPU.Build.0 = Debug|Any CPU
		{9259FD90-19F2-4404-A7AD-6C60902AE8CE}.Release|Any CPU.ActiveCfg = Release|Any CPU
		{9259FD90-19F2-4404-A7AD-6C60902AE8CE}.Release|Any CPU.Build.0 = Release|Any CPU
		{9D2B4695-DBAE-4C74-BE89-3049985E0A29}.Debug|Any CPU.ActiveCfg = Debug|Any CPU
		{9D2B4695-DBAE-4C74-BE89-3049985E0A29}.Debug|Any CPU.Build.0 = Debug|Any CPU
		{9D2B4695-DBAE-4C74-BE89-3049985E0A29}.Release|Any CPU.ActiveCfg = Release|Any CPU
		{9D2B4695-DBAE-4C74-BE89-3049985E0A29}.Release|Any CPU.Build.0 = Release|Any CPU
		{A1C8F058-803B-4145-9952-759B9D61135D}.Debug|Any CPU.ActiveCfg = Debug|Any CPU
		{A1C8F058-803B-4145-9952-759B9D61135D}.Debug|Any CPU.Build.0 = Debug|Any CPU
		{A1C8F058-803B-4145-9952-759B9D61135D}.Release|Any CPU.ActiveCfg = Release|Any CPU
		{A1C8F058-803B-4145-9952-759B9D61135D}.Release|Any CPU.Build.0 = Release|Any CPU
		{F506DF77-1317-45EF-A796-3AF42C0E99CA}.Debug|Any CPU.ActiveCfg = Debug|Any CPU
		{F506DF77-1317-45EF-A796-3AF42C0E99CA}.Debug|Any CPU.Build.0 = Debug|Any CPU
		{F506DF77-1317-45EF-A796-3AF42C0E99CA}.Release|Any CPU.ActiveCfg = Release|Any CPU
		{F506DF77-1317-45EF-A796-3AF42C0E99CA}.Release|Any CPU.Build.0 = Release|Any CPU
		{57205CF7-B923-4763-98D5-EAF86EF5A5BD}.Debug|Any CPU.ActiveCfg = Debug|Any CPU
		{57205CF7-B923-4763-98D5-EAF86EF5A5BD}.Debug|Any CPU.Build.0 = Debug|Any CPU
		{57205CF7-B923-4763-98D5-EAF86EF5A5BD}.Release|Any CPU.ActiveCfg = Release|Any CPU
		{57205CF7-B923-4763-98D5-EAF86EF5A5BD}.Release|Any CPU.Build.0 = Release|Any CPU
		{881B60C0-03B7-47A2-A680-38732E020204}.Debug|Any CPU.ActiveCfg = Debug|Any CPU
		{881B60C0-03B7-47A2-A680-38732E020204}.Debug|Any CPU.Build.0 = Debug|Any CPU
		{881B60C0-03B7-47A2-A680-38732E020204}.Release|Any CPU.ActiveCfg = Release|Any CPU
		{881B60C0-03B7-47A2-A680-38732E020204}.Release|Any CPU.Build.0 = Release|Any CPU
		{11507635-9ADC-40D0-8122-4EB8BA041A58}.Debug|Any CPU.ActiveCfg = Debug|Any CPU
		{11507635-9ADC-40D0-8122-4EB8BA041A58}.Debug|Any CPU.Build.0 = Debug|Any CPU
		{11507635-9ADC-40D0-8122-4EB8BA041A58}.Release|Any CPU.ActiveCfg = Release|Any CPU
		{11507635-9ADC-40D0-8122-4EB8BA041A58}.Release|Any CPU.Build.0 = Release|Any CPU
		{BD799F68-F8E8-4018-8F01-7F5CCACE6196}.Debug|Any CPU.ActiveCfg = Debug|Any CPU
		{BD799F68-F8E8-4018-8F01-7F5CCACE6196}.Debug|Any CPU.Build.0 = Debug|Any CPU
		{BD799F68-F8E8-4018-8F01-7F5CCACE6196}.Release|Any CPU.ActiveCfg = Release|Any CPU
		{BD799F68-F8E8-4018-8F01-7F5CCACE6196}.Release|Any CPU.Build.0 = Release|Any CPU
		{4370F5D9-946D-463F-B007-30553121CB52}.Debug|Any CPU.ActiveCfg = Debug|Any CPU
		{4370F5D9-946D-463F-B007-30553121CB52}.Debug|Any CPU.Build.0 = Debug|Any CPU
		{4370F5D9-946D-463F-B007-30553121CB52}.Release|Any CPU.ActiveCfg = Release|Any CPU
		{4370F5D9-946D-463F-B007-30553121CB52}.Release|Any CPU.Build.0 = Release|Any CPU
		{8A1FE3A6-8FA8-43C2-82A0-8291E102DB24}.Debug|Any CPU.ActiveCfg = Debug|Any CPU
		{8A1FE3A6-8FA8-43C2-82A0-8291E102DB24}.Debug|Any CPU.Build.0 = Debug|Any CPU
		{8A1FE3A6-8FA8-43C2-82A0-8291E102DB24}.Release|Any CPU.ActiveCfg = Release|Any CPU
		{8A1FE3A6-8FA8-43C2-82A0-8291E102DB24}.Release|Any CPU.Build.0 = Release|Any CPU
		{0C7B2D1B-1305-443C-B42C-75414CE67F11}.Debug|Any CPU.ActiveCfg = Debug|Any CPU
		{0C7B2D1B-1305-443C-B42C-75414CE67F11}.Debug|Any CPU.Build.0 = Debug|Any CPU
		{0C7B2D1B-1305-443C-B42C-75414CE67F11}.Release|Any CPU.ActiveCfg = Release|Any CPU
		{0C7B2D1B-1305-443C-B42C-75414CE67F11}.Release|Any CPU.Build.0 = Release|Any CPU
		{04D986A3-2785-459D-A8D3-F25109C0318A}.Debug|Any CPU.ActiveCfg = Debug|Any CPU
		{04D986A3-2785-459D-A8D3-F25109C0318A}.Debug|Any CPU.Build.0 = Debug|Any CPU
		{04D986A3-2785-459D-A8D3-F25109C0318A}.Release|Any CPU.ActiveCfg = Release|Any CPU
		{04D986A3-2785-459D-A8D3-F25109C0318A}.Release|Any CPU.Build.0 = Release|Any CPU
		{A2A8D308-A5AF-4242-8C62-CA74BB1E5DAF}.Debug|Any CPU.ActiveCfg = Debug|Any CPU
		{A2A8D308-A5AF-4242-8C62-CA74BB1E5DAF}.Debug|Any CPU.Build.0 = Debug|Any CPU
		{A2A8D308-A5AF-4242-8C62-CA74BB1E5DAF}.Release|Any CPU.ActiveCfg = Release|Any CPU
		{A2A8D308-A5AF-4242-8C62-CA74BB1E5DAF}.Release|Any CPU.Build.0 = Release|Any CPU
		{73E1B5B4-917C-47AB-9A6F-D0CC0FD4000B}.Debug|Any CPU.ActiveCfg = Debug|Any CPU
		{73E1B5B4-917C-47AB-9A6F-D0CC0FD4000B}.Debug|Any CPU.Build.0 = Debug|Any CPU
		{73E1B5B4-917C-47AB-9A6F-D0CC0FD4000B}.Release|Any CPU.ActiveCfg = Release|Any CPU
		{73E1B5B4-917C-47AB-9A6F-D0CC0FD4000B}.Release|Any CPU.Build.0 = Release|Any CPU
		{07A24B2A-6A68-488E-90A9-6DA9405B8C96}.Debug|Any CPU.ActiveCfg = Debug|Any CPU
		{07A24B2A-6A68-488E-90A9-6DA9405B8C96}.Debug|Any CPU.Build.0 = Debug|Any CPU
		{07A24B2A-6A68-488E-90A9-6DA9405B8C96}.Release|Any CPU.ActiveCfg = Release|Any CPU
		{07A24B2A-6A68-488E-90A9-6DA9405B8C96}.Release|Any CPU.Build.0 = Release|Any CPU
		{EF1DEDA4-479A-47A4-A29D-72AB7E66A6E3}.Debug|Any CPU.ActiveCfg = Debug|Any CPU
		{EF1DEDA4-479A-47A4-A29D-72AB7E66A6E3}.Debug|Any CPU.Build.0 = Debug|Any CPU
		{EF1DEDA4-479A-47A4-A29D-72AB7E66A6E3}.Release|Any CPU.ActiveCfg = Release|Any CPU
		{EF1DEDA4-479A-47A4-A29D-72AB7E66A6E3}.Release|Any CPU.Build.0 = Release|Any CPU
		{ECF85031-FE1C-42D9-9C0F-FB5F5A816F38}.Debug|Any CPU.ActiveCfg = Debug|Any CPU
		{ECF85031-FE1C-42D9-9C0F-FB5F5A816F38}.Debug|Any CPU.Build.0 = Debug|Any CPU
		{ECF85031-FE1C-42D9-9C0F-FB5F5A816F38}.Release|Any CPU.ActiveCfg = Release|Any CPU
		{ECF85031-FE1C-42D9-9C0F-FB5F5A816F38}.Release|Any CPU.Build.0 = Release|Any CPU
		{F662E771-A02A-4B0D-9E80-9E9D0F7A6179}.Debug|Any CPU.ActiveCfg = Debug|Any CPU
		{F662E771-A02A-4B0D-9E80-9E9D0F7A6179}.Debug|Any CPU.Build.0 = Debug|Any CPU
		{F662E771-A02A-4B0D-9E80-9E9D0F7A6179}.Release|Any CPU.ActiveCfg = Release|Any CPU
		{F662E771-A02A-4B0D-9E80-9E9D0F7A6179}.Release|Any CPU.Build.0 = Release|Any CPU
		{E1808E31-2CA6-4523-8C8A-D38B9D7C2938}.Debug|Any CPU.ActiveCfg = Debug|Any CPU
		{E1808E31-2CA6-4523-8C8A-D38B9D7C2938}.Debug|Any CPU.Build.0 = Debug|Any CPU
		{E1808E31-2CA6-4523-8C8A-D38B9D7C2938}.Release|Any CPU.ActiveCfg = Release|Any CPU
		{E1808E31-2CA6-4523-8C8A-D38B9D7C2938}.Release|Any CPU.Build.0 = Release|Any CPU
		{DFBBE057-DEF5-4ECB-86F2-99494CB10523}.Debug|Any CPU.ActiveCfg = Debug|Any CPU
		{DFBBE057-DEF5-4ECB-86F2-99494CB10523}.Debug|Any CPU.Build.0 = Debug|Any CPU
		{DFBBE057-DEF5-4ECB-86F2-99494CB10523}.Release|Any CPU.ActiveCfg = Release|Any CPU
		{DFBBE057-DEF5-4ECB-86F2-99494CB10523}.Release|Any CPU.Build.0 = Release|Any CPU
		{74B79A9E-1F2C-41AD-BA4F-43639E1AA483}.Debug|Any CPU.ActiveCfg = Debug|Any CPU
		{74B79A9E-1F2C-41AD-BA4F-43639E1AA483}.Debug|Any CPU.Build.0 = Debug|Any CPU
		{74B79A9E-1F2C-41AD-BA4F-43639E1AA483}.Release|Any CPU.ActiveCfg = Release|Any CPU
		{74B79A9E-1F2C-41AD-BA4F-43639E1AA483}.Release|Any CPU.Build.0 = Release|Any CPU
		{E3912B71-3B62-4F33-990C-710BF944CCD6}.Debug|Any CPU.ActiveCfg = Debug|Any CPU
		{E3912B71-3B62-4F33-990C-710BF944CCD6}.Debug|Any CPU.Build.0 = Debug|Any CPU
		{E3912B71-3B62-4F33-990C-710BF944CCD6}.Release|Any CPU.ActiveCfg = Release|Any CPU
		{E3912B71-3B62-4F33-990C-710BF944CCD6}.Release|Any CPU.Build.0 = Release|Any CPU
		{3F222C58-F427-463E-A313-0BD78794F50C}.Debug|Any CPU.ActiveCfg = Debug|Any CPU
		{3F222C58-F427-463E-A313-0BD78794F50C}.Debug|Any CPU.Build.0 = Debug|Any CPU
		{3F222C58-F427-463E-A313-0BD78794F50C}.Release|Any CPU.ActiveCfg = Release|Any CPU
		{3F222C58-F427-463E-A313-0BD78794F50C}.Release|Any CPU.Build.0 = Release|Any CPU
		{958AE322-42B7-4128-B9EA-473706A33C73}.Debug|Any CPU.ActiveCfg = Debug|Any CPU
		{958AE322-42B7-4128-B9EA-473706A33C73}.Debug|Any CPU.Build.0 = Debug|Any CPU
		{958AE322-42B7-4128-B9EA-473706A33C73}.Release|Any CPU.ActiveCfg = Release|Any CPU
		{958AE322-42B7-4128-B9EA-473706A33C73}.Release|Any CPU.Build.0 = Release|Any CPU
		{EE9EB4BD-BC0A-495A-9189-C3480E58D8D5}.Debug|Any CPU.ActiveCfg = Debug|Any CPU
		{EE9EB4BD-BC0A-495A-9189-C3480E58D8D5}.Debug|Any CPU.Build.0 = Debug|Any CPU
		{EE9EB4BD-BC0A-495A-9189-C3480E58D8D5}.Release|Any CPU.ActiveCfg = Release|Any CPU
		{EE9EB4BD-BC0A-495A-9189-C3480E58D8D5}.Release|Any CPU.Build.0 = Release|Any CPU
		{3E895B53-9D2E-4506-992D-C6733F3F074A}.Debug|Any CPU.ActiveCfg = Debug|Any CPU
		{3E895B53-9D2E-4506-992D-C6733F3F074A}.Debug|Any CPU.Build.0 = Debug|Any CPU
		{3E895B53-9D2E-4506-992D-C6733F3F074A}.Release|Any CPU.ActiveCfg = Release|Any CPU
		{3E895B53-9D2E-4506-992D-C6733F3F074A}.Release|Any CPU.Build.0 = Release|Any CPU
		{67B7942E-E15D-4702-B4AF-9B2BB1FF9B0B}.Debug|Any CPU.ActiveCfg = Debug|Any CPU
		{67B7942E-E15D-4702-B4AF-9B2BB1FF9B0B}.Debug|Any CPU.Build.0 = Debug|Any CPU
		{67B7942E-E15D-4702-B4AF-9B2BB1FF9B0B}.Release|Any CPU.ActiveCfg = Release|Any CPU
		{67B7942E-E15D-4702-B4AF-9B2BB1FF9B0B}.Release|Any CPU.Build.0 = Release|Any CPU
		{E09E4903-E24B-4BFB-980E-4133D982B06D}.Debug|Any CPU.ActiveCfg = Debug|Any CPU
		{E09E4903-E24B-4BFB-980E-4133D982B06D}.Debug|Any CPU.Build.0 = Debug|Any CPU
		{E09E4903-E24B-4BFB-980E-4133D982B06D}.Release|Any CPU.ActiveCfg = Release|Any CPU
		{E09E4903-E24B-4BFB-980E-4133D982B06D}.Release|Any CPU.Build.0 = Release|Any CPU
		{13D531BA-BAB3-447A-B1F1-29DC30ED7B88}.Debug|Any CPU.ActiveCfg = Debug|Any CPU
		{13D531BA-BAB3-447A-B1F1-29DC30ED7B88}.Debug|Any CPU.Build.0 = Debug|Any CPU
		{13D531BA-BAB3-447A-B1F1-29DC30ED7B88}.Release|Any CPU.ActiveCfg = Release|Any CPU
		{13D531BA-BAB3-447A-B1F1-29DC30ED7B88}.Release|Any CPU.Build.0 = Release|Any CPU
		{C448348D-2BAD-4D9D-9E00-B3FD9F3AA416}.Debug|Any CPU.ActiveCfg = Debug|Any CPU
		{C448348D-2BAD-4D9D-9E00-B3FD9F3AA416}.Debug|Any CPU.Build.0 = Debug|Any CPU
		{C448348D-2BAD-4D9D-9E00-B3FD9F3AA416}.Release|Any CPU.ActiveCfg = Release|Any CPU
		{C448348D-2BAD-4D9D-9E00-B3FD9F3AA416}.Release|Any CPU.Build.0 = Release|Any CPU
		{08199533-3CF7-4AF2-BB96-57BC29622F6F}.Debug|Any CPU.ActiveCfg = Debug|Any CPU
		{08199533-3CF7-4AF2-BB96-57BC29622F6F}.Debug|Any CPU.Build.0 = Debug|Any CPU
		{08199533-3CF7-4AF2-BB96-57BC29622F6F}.Release|Any CPU.ActiveCfg = Release|Any CPU
		{08199533-3CF7-4AF2-BB96-57BC29622F6F}.Release|Any CPU.Build.0 = Release|Any CPU
		{6B822B37-E97C-4623-A01A-6430D06EA3A9}.Debug|Any CPU.ActiveCfg = Debug|Any CPU
		{6B822B37-E97C-4623-A01A-6430D06EA3A9}.Debug|Any CPU.Build.0 = Debug|Any CPU
		{6B822B37-E97C-4623-A01A-6430D06EA3A9}.Release|Any CPU.ActiveCfg = Release|Any CPU
		{6B822B37-E97C-4623-A01A-6430D06EA3A9}.Release|Any CPU.Build.0 = Release|Any CPU
		{75882DF8-A82B-4FD2-ABA3-684CF64C0267}.Debug|Any CPU.ActiveCfg = Debug|Any CPU
		{75882DF8-A82B-4FD2-ABA3-684CF64C0267}.Debug|Any CPU.Build.0 = Debug|Any CPU
		{75882DF8-A82B-4FD2-ABA3-684CF64C0267}.Release|Any CPU.ActiveCfg = Release|Any CPU
		{75882DF8-A82B-4FD2-ABA3-684CF64C0267}.Release|Any CPU.Build.0 = Release|Any CPU
		{AD331CCA-A2D5-45BB-A3FC-E00DCDBECC8D}.Debug|Any CPU.ActiveCfg = Debug|Any CPU
		{AD331CCA-A2D5-45BB-A3FC-E00DCDBECC8D}.Debug|Any CPU.Build.0 = Debug|Any CPU
		{AD331CCA-A2D5-45BB-A3FC-E00DCDBECC8D}.Release|Any CPU.ActiveCfg = Release|Any CPU
		{AD331CCA-A2D5-45BB-A3FC-E00DCDBECC8D}.Release|Any CPU.Build.0 = Release|Any CPU
		{17E7A494-53E0-4976-91C7-5A6C43CF7643}.Debug|Any CPU.ActiveCfg = Debug|Any CPU
		{17E7A494-53E0-4976-91C7-5A6C43CF7643}.Debug|Any CPU.Build.0 = Debug|Any CPU
		{17E7A494-53E0-4976-91C7-5A6C43CF7643}.Release|Any CPU.ActiveCfg = Release|Any CPU
		{17E7A494-53E0-4976-91C7-5A6C43CF7643}.Release|Any CPU.Build.0 = Release|Any CPU
		{44FE0638-3051-4ED5-9124-F030FFA0F9BD}.Debug|Any CPU.ActiveCfg = Debug|Any CPU
		{44FE0638-3051-4ED5-9124-F030FFA0F9BD}.Debug|Any CPU.Build.0 = Debug|Any CPU
		{44FE0638-3051-4ED5-9124-F030FFA0F9BD}.Release|Any CPU.ActiveCfg = Release|Any CPU
		{44FE0638-3051-4ED5-9124-F030FFA0F9BD}.Release|Any CPU.Build.0 = Release|Any CPU
		{BADC3CC4-7EA3-4650-AF21-4E00D68FF7EC}.Debug|Any CPU.ActiveCfg = Debug|Any CPU
		{BADC3CC4-7EA3-4650-AF21-4E00D68FF7EC}.Debug|Any CPU.Build.0 = Debug|Any CPU
		{BADC3CC4-7EA3-4650-AF21-4E00D68FF7EC}.Release|Any CPU.ActiveCfg = Release|Any CPU
		{BADC3CC4-7EA3-4650-AF21-4E00D68FF7EC}.Release|Any CPU.Build.0 = Release|Any CPU
		{C2322A18-5056-4328-8827-DAF5C0E569EE}.Debug|Any CPU.ActiveCfg = Debug|Any CPU
		{C2322A18-5056-4328-8827-DAF5C0E569EE}.Debug|Any CPU.Build.0 = Debug|Any CPU
		{C2322A18-5056-4328-8827-DAF5C0E569EE}.Release|Any CPU.ActiveCfg = Release|Any CPU
		{C2322A18-5056-4328-8827-DAF5C0E569EE}.Release|Any CPU.Build.0 = Release|Any CPU
		{C14904FC-0EB4-4DB4-A4AA-6DFFFCB6C365}.Debug|Any CPU.ActiveCfg = Debug|Any CPU
		{C14904FC-0EB4-4DB4-A4AA-6DFFFCB6C365}.Debug|Any CPU.Build.0 = Debug|Any CPU
		{C14904FC-0EB4-4DB4-A4AA-6DFFFCB6C365}.Release|Any CPU.ActiveCfg = Release|Any CPU
		{C14904FC-0EB4-4DB4-A4AA-6DFFFCB6C365}.Release|Any CPU.Build.0 = Release|Any CPU
		{1AEC1A12-F84E-4DF6-8049-5EF04B6893FE}.Debug|Any CPU.ActiveCfg = Debug|Any CPU
		{1AEC1A12-F84E-4DF6-8049-5EF04B6893FE}.Debug|Any CPU.Build.0 = Debug|Any CPU
		{1AEC1A12-F84E-4DF6-8049-5EF04B6893FE}.Release|Any CPU.ActiveCfg = Release|Any CPU
		{1AEC1A12-F84E-4DF6-8049-5EF04B6893FE}.Release|Any CPU.Build.0 = Release|Any CPU
		{16873AF8-C509-4054-9BE3-AE9BB9360CEC}.Debug|Any CPU.ActiveCfg = Debug|Any CPU
		{16873AF8-C509-4054-9BE3-AE9BB9360CEC}.Debug|Any CPU.Build.0 = Debug|Any CPU
		{16873AF8-C509-4054-9BE3-AE9BB9360CEC}.Release|Any CPU.ActiveCfg = Release|Any CPU
		{16873AF8-C509-4054-9BE3-AE9BB9360CEC}.Release|Any CPU.Build.0 = Release|Any CPU
		{30B5F25D-363F-4F86-B1E4-A1D31D6F5255}.Debug|Any CPU.ActiveCfg = Debug|Any CPU
		{30B5F25D-363F-4F86-B1E4-A1D31D6F5255}.Debug|Any CPU.Build.0 = Debug|Any CPU
		{30B5F25D-363F-4F86-B1E4-A1D31D6F5255}.Release|Any CPU.ActiveCfg = Release|Any CPU
		{30B5F25D-363F-4F86-B1E4-A1D31D6F5255}.Release|Any CPU.Build.0 = Release|Any CPU
		{66715411-7A4D-4279-8CBC-7607717D57A1}.Debug|Any CPU.ActiveCfg = Debug|Any CPU
		{66715411-7A4D-4279-8CBC-7607717D57A1}.Debug|Any CPU.Build.0 = Debug|Any CPU
		{66715411-7A4D-4279-8CBC-7607717D57A1}.Release|Any CPU.ActiveCfg = Release|Any CPU
		{66715411-7A4D-4279-8CBC-7607717D57A1}.Release|Any CPU.Build.0 = Release|Any CPU
		{D5897146-7F49-4520-B626-08ABDC61A2DB}.Debug|Any CPU.ActiveCfg = Debug|Any CPU
		{D5897146-7F49-4520-B626-08ABDC61A2DB}.Debug|Any CPU.Build.0 = Debug|Any CPU
		{D5897146-7F49-4520-B626-08ABDC61A2DB}.Release|Any CPU.ActiveCfg = Release|Any CPU
		{D5897146-7F49-4520-B626-08ABDC61A2DB}.Release|Any CPU.Build.0 = Release|Any CPU
		{1E6AC84D-3625-4ECF-B61A-6FC5EA20AD14}.Debug|Any CPU.ActiveCfg = Debug|Any CPU
		{1E6AC84D-3625-4ECF-B61A-6FC5EA20AD14}.Debug|Any CPU.Build.0 = Debug|Any CPU
		{1E6AC84D-3625-4ECF-B61A-6FC5EA20AD14}.Release|Any CPU.ActiveCfg = Release|Any CPU
		{1E6AC84D-3625-4ECF-B61A-6FC5EA20AD14}.Release|Any CPU.Build.0 = Release|Any CPU
		{3AE7352C-2D24-46D6-BDBF-B8ACD188D0EE}.Debug|Any CPU.ActiveCfg = Debug|Any CPU
		{3AE7352C-2D24-46D6-BDBF-B8ACD188D0EE}.Debug|Any CPU.Build.0 = Debug|Any CPU
		{3AE7352C-2D24-46D6-BDBF-B8ACD188D0EE}.Release|Any CPU.ActiveCfg = Release|Any CPU
		{3AE7352C-2D24-46D6-BDBF-B8ACD188D0EE}.Release|Any CPU.Build.0 = Release|Any CPU
		{256190F2-F2DC-4E75-B936-B06DD68FFB04}.Debug|Any CPU.ActiveCfg = Debug|Any CPU
		{256190F2-F2DC-4E75-B936-B06DD68FFB04}.Debug|Any CPU.Build.0 = Debug|Any CPU
		{256190F2-F2DC-4E75-B936-B06DD68FFB04}.Release|Any CPU.ActiveCfg = Release|Any CPU
		{256190F2-F2DC-4E75-B936-B06DD68FFB04}.Release|Any CPU.Build.0 = Release|Any CPU
		{32E9435D-0FA5-4651-9D72-957E22B28A01}.Debug|Any CPU.ActiveCfg = Debug|Any CPU
		{32E9435D-0FA5-4651-9D72-957E22B28A01}.Debug|Any CPU.Build.0 = Debug|Any CPU
		{32E9435D-0FA5-4651-9D72-957E22B28A01}.Release|Any CPU.ActiveCfg = Release|Any CPU
		{32E9435D-0FA5-4651-9D72-957E22B28A01}.Release|Any CPU.Build.0 = Release|Any CPU
		{5AA1A5A1-1CBB-4E2D-997B-4F41B7AAA208}.Debug|Any CPU.ActiveCfg = Debug|Any CPU
		{5AA1A5A1-1CBB-4E2D-997B-4F41B7AAA208}.Debug|Any CPU.Build.0 = Debug|Any CPU
		{5AA1A5A1-1CBB-4E2D-997B-4F41B7AAA208}.Release|Any CPU.ActiveCfg = Release|Any CPU
		{5AA1A5A1-1CBB-4E2D-997B-4F41B7AAA208}.Release|Any CPU.Build.0 = Release|Any CPU
		{E29785D4-616C-4926-840C-C351EF829DA8}.Debug|Any CPU.ActiveCfg = Debug|Any CPU
		{E29785D4-616C-4926-840C-C351EF829DA8}.Debug|Any CPU.Build.0 = Debug|Any CPU
		{E29785D4-616C-4926-840C-C351EF829DA8}.Release|Any CPU.ActiveCfg = Release|Any CPU
		{E29785D4-616C-4926-840C-C351EF829DA8}.Release|Any CPU.Build.0 = Release|Any CPU
		{404C3BD5-DF46-4DE8-93FE-DC84F1202AD5}.Debug|Any CPU.ActiveCfg = Debug|Any CPU
		{404C3BD5-DF46-4DE8-93FE-DC84F1202AD5}.Debug|Any CPU.Build.0 = Debug|Any CPU
		{404C3BD5-DF46-4DE8-93FE-DC84F1202AD5}.Release|Any CPU.ActiveCfg = Release|Any CPU
		{404C3BD5-DF46-4DE8-93FE-DC84F1202AD5}.Release|Any CPU.Build.0 = Release|Any CPU
		{42D8DA9B-2BEC-4080-B3C4-42536259BF80}.Debug|Any CPU.ActiveCfg = Debug|Any CPU
		{42D8DA9B-2BEC-4080-B3C4-42536259BF80}.Debug|Any CPU.Build.0 = Debug|Any CPU
		{42D8DA9B-2BEC-4080-B3C4-42536259BF80}.Release|Any CPU.ActiveCfg = Release|Any CPU
		{42D8DA9B-2BEC-4080-B3C4-42536259BF80}.Release|Any CPU.Build.0 = Release|Any CPU
		{BEE2DF86-AE69-48C1-AD63-92A23A63C9BD}.Debug|Any CPU.ActiveCfg = Debug|Any CPU
		{BEE2DF86-AE69-48C1-AD63-92A23A63C9BD}.Debug|Any CPU.Build.0 = Debug|Any CPU
		{BEE2DF86-AE69-48C1-AD63-92A23A63C9BD}.Release|Any CPU.ActiveCfg = Release|Any CPU
		{BEE2DF86-AE69-48C1-AD63-92A23A63C9BD}.Release|Any CPU.Build.0 = Release|Any CPU
		{F98EAAF6-FC0D-4B25-9F7A-2F35E445D356}.Debug|Any CPU.ActiveCfg = Debug|Any CPU
		{F98EAAF6-FC0D-4B25-9F7A-2F35E445D356}.Debug|Any CPU.Build.0 = Debug|Any CPU
		{F98EAAF6-FC0D-4B25-9F7A-2F35E445D356}.Release|Any CPU.ActiveCfg = Release|Any CPU
		{F98EAAF6-FC0D-4B25-9F7A-2F35E445D356}.Release|Any CPU.Build.0 = Release|Any CPU
		{4FBD61C8-63E2-4BA7-B71E-7BDB0170DB4A}.Debug|Any CPU.ActiveCfg = Debug|Any CPU
		{4FBD61C8-63E2-4BA7-B71E-7BDB0170DB4A}.Debug|Any CPU.Build.0 = Debug|Any CPU
		{4FBD61C8-63E2-4BA7-B71E-7BDB0170DB4A}.Release|Any CPU.ActiveCfg = Release|Any CPU
		{4FBD61C8-63E2-4BA7-B71E-7BDB0170DB4A}.Release|Any CPU.Build.0 = Release|Any CPU
		{9F2FE012-2643-4A76-9C7E-CE08A0AAE3CF}.Debug|Any CPU.ActiveCfg = Debug|Any CPU
		{9F2FE012-2643-4A76-9C7E-CE08A0AAE3CF}.Debug|Any CPU.Build.0 = Debug|Any CPU
		{9F2FE012-2643-4A76-9C7E-CE08A0AAE3CF}.Release|Any CPU.ActiveCfg = Release|Any CPU
		{9F2FE012-2643-4A76-9C7E-CE08A0AAE3CF}.Release|Any CPU.Build.0 = Release|Any CPU
		{E3E047F0-BF79-4D62-AE87-6F508C1FF851}.Debug|Any CPU.ActiveCfg = Debug|Any CPU
		{E3E047F0-BF79-4D62-AE87-6F508C1FF851}.Debug|Any CPU.Build.0 = Debug|Any CPU
		{E3E047F0-BF79-4D62-AE87-6F508C1FF851}.Release|Any CPU.ActiveCfg = Release|Any CPU
		{E3E047F0-BF79-4D62-AE87-6F508C1FF851}.Release|Any CPU.Build.0 = Release|Any CPU
		{CC12358E-157D-47F6-9BB8-A6C3B7556582}.Debug|Any CPU.ActiveCfg = Debug|Any CPU
		{CC12358E-157D-47F6-9BB8-A6C3B7556582}.Debug|Any CPU.Build.0 = Debug|Any CPU
		{CC12358E-157D-47F6-9BB8-A6C3B7556582}.Release|Any CPU.ActiveCfg = Release|Any CPU
		{CC12358E-157D-47F6-9BB8-A6C3B7556582}.Release|Any CPU.Build.0 = Release|Any CPU
		{9BD6CBB0-5E2E-4B31-A550-F288FE299EAF}.Debug|Any CPU.ActiveCfg = Debug|Any CPU
		{9BD6CBB0-5E2E-4B31-A550-F288FE299EAF}.Debug|Any CPU.Build.0 = Debug|Any CPU
		{9BD6CBB0-5E2E-4B31-A550-F288FE299EAF}.Release|Any CPU.ActiveCfg = Release|Any CPU
		{9BD6CBB0-5E2E-4B31-A550-F288FE299EAF}.Release|Any CPU.Build.0 = Release|Any CPU
		{8D95ADBD-045F-4291-97A3-069CE0661505}.Debug|Any CPU.ActiveCfg = Debug|Any CPU
		{8D95ADBD-045F-4291-97A3-069CE0661505}.Debug|Any CPU.Build.0 = Debug|Any CPU
		{8D95ADBD-045F-4291-97A3-069CE0661505}.Release|Any CPU.ActiveCfg = Release|Any CPU
		{8D95ADBD-045F-4291-97A3-069CE0661505}.Release|Any CPU.Build.0 = Release|Any CPU
		{DBB7F210-FE5A-4E5D-AB17-A10CDE7C0F33}.Debug|Any CPU.ActiveCfg = Debug|Any CPU
		{DBB7F210-FE5A-4E5D-AB17-A10CDE7C0F33}.Debug|Any CPU.Build.0 = Debug|Any CPU
		{DBB7F210-FE5A-4E5D-AB17-A10CDE7C0F33}.Release|Any CPU.ActiveCfg = Release|Any CPU
		{DBB7F210-FE5A-4E5D-AB17-A10CDE7C0F33}.Release|Any CPU.Build.0 = Release|Any CPU
		{5E6EEB7F-16A1-41B3-8EF0-D3B8BE9E351F}.Debug|Any CPU.ActiveCfg = Debug|Any CPU
		{5E6EEB7F-16A1-41B3-8EF0-D3B8BE9E351F}.Debug|Any CPU.Build.0 = Debug|Any CPU
		{5E6EEB7F-16A1-41B3-8EF0-D3B8BE9E351F}.Release|Any CPU.ActiveCfg = Release|Any CPU
		{5E6EEB7F-16A1-41B3-8EF0-D3B8BE9E351F}.Release|Any CPU.Build.0 = Release|Any CPU
		{06328493-B169-43A7-A2DD-01DF63F87D75}.Debug|Any CPU.ActiveCfg = Debug|Any CPU
		{06328493-B169-43A7-A2DD-01DF63F87D75}.Debug|Any CPU.Build.0 = Debug|Any CPU
		{06328493-B169-43A7-A2DD-01DF63F87D75}.Release|Any CPU.ActiveCfg = Release|Any CPU
		{06328493-B169-43A7-A2DD-01DF63F87D75}.Release|Any CPU.Build.0 = Release|Any CPU
		{E7E91050-9A02-4E6B-8390-47AF7B7AFCEF}.Debug|Any CPU.ActiveCfg = Debug|Any CPU
		{E7E91050-9A02-4E6B-8390-47AF7B7AFCEF}.Debug|Any CPU.Build.0 = Debug|Any CPU
		{E7E91050-9A02-4E6B-8390-47AF7B7AFCEF}.Release|Any CPU.ActiveCfg = Release|Any CPU
		{E7E91050-9A02-4E6B-8390-47AF7B7AFCEF}.Release|Any CPU.Build.0 = Release|Any CPU
		{1B756AC6-3E7A-4188-878A-4D84988689A1}.Debug|Any CPU.ActiveCfg = Debug|Any CPU
		{1B756AC6-3E7A-4188-878A-4D84988689A1}.Debug|Any CPU.Build.0 = Debug|Any CPU
		{1B756AC6-3E7A-4188-878A-4D84988689A1}.Release|Any CPU.ActiveCfg = Release|Any CPU
		{1B756AC6-3E7A-4188-878A-4D84988689A1}.Release|Any CPU.Build.0 = Release|Any CPU
		{D9DE16C3-0C06-4364-9633-DD6D10901B27}.Debug|Any CPU.ActiveCfg = Debug|Any CPU
		{D9DE16C3-0C06-4364-9633-DD6D10901B27}.Debug|Any CPU.Build.0 = Debug|Any CPU
		{D9DE16C3-0C06-4364-9633-DD6D10901B27}.Release|Any CPU.ActiveCfg = Release|Any CPU
		{D9DE16C3-0C06-4364-9633-DD6D10901B27}.Release|Any CPU.Build.0 = Release|Any CPU
		{E487CE25-F19F-4CBF-903F-377945EE5987}.Debug|Any CPU.ActiveCfg = Debug|Any CPU
		{E487CE25-F19F-4CBF-903F-377945EE5987}.Debug|Any CPU.Build.0 = Debug|Any CPU
		{E487CE25-F19F-4CBF-903F-377945EE5987}.Release|Any CPU.ActiveCfg = Release|Any CPU
		{E487CE25-F19F-4CBF-903F-377945EE5987}.Release|Any CPU.Build.0 = Release|Any CPU
		{4952E60C-381A-4910-BC3F-D51697675336}.Debug|Any CPU.ActiveCfg = Debug|Any CPU
		{4952E60C-381A-4910-BC3F-D51697675336}.Debug|Any CPU.Build.0 = Debug|Any CPU
		{4952E60C-381A-4910-BC3F-D51697675336}.Release|Any CPU.ActiveCfg = Release|Any CPU
		{4952E60C-381A-4910-BC3F-D51697675336}.Release|Any CPU.Build.0 = Release|Any CPU
		{0F9DF28B-7EBD-439B-AF12-00D9EED9D579}.Debug|Any CPU.ActiveCfg = Debug|Any CPU
		{0F9DF28B-7EBD-439B-AF12-00D9EED9D579}.Debug|Any CPU.Build.0 = Debug|Any CPU
		{0F9DF28B-7EBD-439B-AF12-00D9EED9D579}.Release|Any CPU.ActiveCfg = Release|Any CPU
		{0F9DF28B-7EBD-439B-AF12-00D9EED9D579}.Release|Any CPU.Build.0 = Release|Any CPU
		{EC7114F6-9C20-428F-893D-B3932BD3FFE2}.Debug|Any CPU.ActiveCfg = Debug|Any CPU
		{EC7114F6-9C20-428F-893D-B3932BD3FFE2}.Debug|Any CPU.Build.0 = Debug|Any CPU
		{EC7114F6-9C20-428F-893D-B3932BD3FFE2}.Release|Any CPU.ActiveCfg = Release|Any CPU
		{EC7114F6-9C20-428F-893D-B3932BD3FFE2}.Release|Any CPU.Build.0 = Release|Any CPU
		{B0C26419-D3C2-4724-B343-253AFDC11727}.Debug|Any CPU.ActiveCfg = Debug|Any CPU
		{B0C26419-D3C2-4724-B343-253AFDC11727}.Debug|Any CPU.Build.0 = Debug|Any CPU
		{B0C26419-D3C2-4724-B343-253AFDC11727}.Release|Any CPU.ActiveCfg = Release|Any CPU
		{B0C26419-D3C2-4724-B343-253AFDC11727}.Release|Any CPU.Build.0 = Release|Any CPU
		{E1715F27-F352-4302-8EB3-BD9BCC8F51F9}.Debug|Any CPU.ActiveCfg = Debug|Any CPU
		{E1715F27-F352-4302-8EB3-BD9BCC8F51F9}.Debug|Any CPU.Build.0 = Debug|Any CPU
		{E1715F27-F352-4302-8EB3-BD9BCC8F51F9}.Release|Any CPU.ActiveCfg = Release|Any CPU
		{E1715F27-F352-4302-8EB3-BD9BCC8F51F9}.Release|Any CPU.Build.0 = Release|Any CPU
		{6738E498-B267-4532-9C3A-C2938A3E4DEA}.Debug|Any CPU.ActiveCfg = Debug|Any CPU
		{6738E498-B267-4532-9C3A-C2938A3E4DEA}.Debug|Any CPU.Build.0 = Debug|Any CPU
		{6738E498-B267-4532-9C3A-C2938A3E4DEA}.Release|Any CPU.ActiveCfg = Release|Any CPU
		{6738E498-B267-4532-9C3A-C2938A3E4DEA}.Release|Any CPU.Build.0 = Release|Any CPU
		{91ADD401-B4BB-4F87-A337-5339B55F40E0}.Debug|Any CPU.ActiveCfg = Debug|Any CPU
		{91ADD401-B4BB-4F87-A337-5339B55F40E0}.Debug|Any CPU.Build.0 = Debug|Any CPU
		{91ADD401-B4BB-4F87-A337-5339B55F40E0}.Release|Any CPU.ActiveCfg = Release|Any CPU
		{91ADD401-B4BB-4F87-A337-5339B55F40E0}.Release|Any CPU.Build.0 = Release|Any CPU
		{F53A5AD8-B5E4-4ADA-913D-C4D25BBE4EE0}.Debug|Any CPU.ActiveCfg = Debug|Any CPU
		{F53A5AD8-B5E4-4ADA-913D-C4D25BBE4EE0}.Debug|Any CPU.Build.0 = Debug|Any CPU
		{F53A5AD8-B5E4-4ADA-913D-C4D25BBE4EE0}.Release|Any CPU.ActiveCfg = Release|Any CPU
		{F53A5AD8-B5E4-4ADA-913D-C4D25BBE4EE0}.Release|Any CPU.Build.0 = Release|Any CPU
		{2B9138C8-3BD0-41EE-B02D-9348426683E3}.Debug|Any CPU.ActiveCfg = Debug|Any CPU
		{2B9138C8-3BD0-41EE-B02D-9348426683E3}.Debug|Any CPU.Build.0 = Debug|Any CPU
		{2B9138C8-3BD0-41EE-B02D-9348426683E3}.Release|Any CPU.ActiveCfg = Release|Any CPU
		{2B9138C8-3BD0-41EE-B02D-9348426683E3}.Release|Any CPU.Build.0 = Release|Any CPU
		{BCD7557A-6557-41AC-9F46-EA4C8D5AF596}.Debug|Any CPU.ActiveCfg = Debug|Any CPU
		{BCD7557A-6557-41AC-9F46-EA4C8D5AF596}.Debug|Any CPU.Build.0 = Debug|Any CPU
		{BCD7557A-6557-41AC-9F46-EA4C8D5AF596}.Release|Any CPU.ActiveCfg = Release|Any CPU
		{BCD7557A-6557-41AC-9F46-EA4C8D5AF596}.Release|Any CPU.Build.0 = Release|Any CPU
		{CCE3DBD7-4726-45CC-A048-FF94780DAEAD}.Debug|Any CPU.ActiveCfg = Debug|Any CPU
		{CCE3DBD7-4726-45CC-A048-FF94780DAEAD}.Debug|Any CPU.Build.0 = Debug|Any CPU
		{CCE3DBD7-4726-45CC-A048-FF94780DAEAD}.Release|Any CPU.ActiveCfg = Release|Any CPU
		{CCE3DBD7-4726-45CC-A048-FF94780DAEAD}.Release|Any CPU.Build.0 = Release|Any CPU
		{8C75234D-AE13-4064-98B2-CD6D90064C09}.Debug|Any CPU.ActiveCfg = Debug|Any CPU
		{8C75234D-AE13-4064-98B2-CD6D90064C09}.Debug|Any CPU.Build.0 = Debug|Any CPU
		{8C75234D-AE13-4064-98B2-CD6D90064C09}.Release|Any CPU.ActiveCfg = Release|Any CPU
		{8C75234D-AE13-4064-98B2-CD6D90064C09}.Release|Any CPU.Build.0 = Release|Any CPU
		{4C4ADAB9-F184-4353-847F-8270914D40A8}.Debug|Any CPU.ActiveCfg = Debug|Any CPU
		{4C4ADAB9-F184-4353-847F-8270914D40A8}.Debug|Any CPU.Build.0 = Debug|Any CPU
		{4C4ADAB9-F184-4353-847F-8270914D40A8}.Release|Any CPU.ActiveCfg = Release|Any CPU
		{4C4ADAB9-F184-4353-847F-8270914D40A8}.Release|Any CPU.Build.0 = Release|Any CPU
		{30A40924-A4D5-4398-AC96-FCC685380098}.Debug|Any CPU.ActiveCfg = Debug|Any CPU
		{30A40924-A4D5-4398-AC96-FCC685380098}.Debug|Any CPU.Build.0 = Debug|Any CPU
		{30A40924-A4D5-4398-AC96-FCC685380098}.Release|Any CPU.ActiveCfg = Release|Any CPU
		{30A40924-A4D5-4398-AC96-FCC685380098}.Release|Any CPU.Build.0 = Release|Any CPU
	EndGlobalSection
	GlobalSection(SolutionProperties) = preSolution
		HideSolutionNode = FALSE
	EndGlobalSection
	GlobalSection(NestedProjects) = preSolution
		{549F961F-9588-4D64-BFAB-EDA29DA23013} = {001B0002-0F33-465D-96ED-661C6EA3103A}
		{93169F82-5F98-4068-BD1B-A3B5A3FB08C8} = {001B0002-0F33-465D-96ED-661C6EA3103A}
		{4E1CDC0E-E1A8-45FF-8518-A5A249BDA579} = {001B0002-0F33-465D-96ED-661C6EA3103A}
		{D630C019-6FE8-49FE-9FB7-FA0E48929264} = {001B0002-0F33-465D-96ED-661C6EA3103A}
		{58D859B5-160D-4268-8D5D-1360D28374EE} = {001B0002-0F33-465D-96ED-661C6EA3103A}
		{55DD7D9A-D5C6-4391-9D5D-9A5D37288E1D} = {001B0002-0F33-465D-96ED-661C6EA3103A}
		{9259FD90-19F2-4404-A7AD-6C60902AE8CE} = {001B0002-0F33-465D-96ED-661C6EA3103A}
		{9D2B4695-DBAE-4C74-BE89-3049985E0A29} = {001B0002-0F33-465D-96ED-661C6EA3103A}
		{A1C8F058-803B-4145-9952-759B9D61135D} = {001B0002-0F33-465D-96ED-661C6EA3103A}
		{F506DF77-1317-45EF-A796-3AF42C0E99CA} = {001B0002-0F33-465D-96ED-661C6EA3103A}
		{57205CF7-B923-4763-98D5-EAF86EF5A5BD} = {2AB963BD-080A-446B-937A-A2F13E6ADE11}
		{881B60C0-03B7-47A2-A680-38732E020204} = {2AB963BD-080A-446B-937A-A2F13E6ADE11}
		{11507635-9ADC-40D0-8122-4EB8BA041A58} = {2AB963BD-080A-446B-937A-A2F13E6ADE11}
		{BD799F68-F8E8-4018-8F01-7F5CCACE6196} = {2AB963BD-080A-446B-937A-A2F13E6ADE11}
		{4370F5D9-946D-463F-B007-30553121CB52} = {2AB963BD-080A-446B-937A-A2F13E6ADE11}
		{8A1FE3A6-8FA8-43C2-82A0-8291E102DB24} = {2AB963BD-080A-446B-937A-A2F13E6ADE11}
		{0C7B2D1B-1305-443C-B42C-75414CE67F11} = {2AB963BD-080A-446B-937A-A2F13E6ADE11}
		{04D986A3-2785-459D-A8D3-F25109C0318A} = {2AB963BD-080A-446B-937A-A2F13E6ADE11}
		{A2A8D308-A5AF-4242-8C62-CA74BB1E5DAF} = {2AB963BD-080A-446B-937A-A2F13E6ADE11}
		{73E1B5B4-917C-47AB-9A6F-D0CC0FD4000B} = {2AB963BD-080A-446B-937A-A2F13E6ADE11}
		{07A24B2A-6A68-488E-90A9-6DA9405B8C96} = {79EF9717-5FA6-4749-A7F2-FA63F0C6C3B4}
		{EF1DEDA4-479A-47A4-A29D-72AB7E66A6E3} = {79EF9717-5FA6-4749-A7F2-FA63F0C6C3B4}
		{ECF85031-FE1C-42D9-9C0F-FB5F5A816F38} = {79EF9717-5FA6-4749-A7F2-FA63F0C6C3B4}
		{F662E771-A02A-4B0D-9E80-9E9D0F7A6179} = {79EF9717-5FA6-4749-A7F2-FA63F0C6C3B4}
		{E1808E31-2CA6-4523-8C8A-D38B9D7C2938} = {79EF9717-5FA6-4749-A7F2-FA63F0C6C3B4}
		{DFBBE057-DEF5-4ECB-86F2-99494CB10523} = {D1B73FD1-D2A4-49A4-9055-C93146766EC8}
		{74B79A9E-1F2C-41AD-BA4F-43639E1AA483} = {D1B73FD1-D2A4-49A4-9055-C93146766EC8}
		{E3912B71-3B62-4F33-990C-710BF944CCD6} = {D1B73FD1-D2A4-49A4-9055-C93146766EC8}
		{3F222C58-F427-463E-A313-0BD78794F50C} = {D1B73FD1-D2A4-49A4-9055-C93146766EC8}
		{958AE322-42B7-4128-B9EA-473706A33C73} = {D1B73FD1-D2A4-49A4-9055-C93146766EC8}
		{EE9EB4BD-BC0A-495A-9189-C3480E58D8D5} = {D1B73FD1-D2A4-49A4-9055-C93146766EC8}
		{3E895B53-9D2E-4506-992D-C6733F3F074A} = {D1B73FD1-D2A4-49A4-9055-C93146766EC8}
		{67B7942E-E15D-4702-B4AF-9B2BB1FF9B0B} = {D1B73FD1-D2A4-49A4-9055-C93146766EC8}
		{E09E4903-E24B-4BFB-980E-4133D982B06D} = {D1B73FD1-D2A4-49A4-9055-C93146766EC8}
		{13D531BA-BAB3-447A-B1F1-29DC30ED7B88} = {D1B73FD1-D2A4-49A4-9055-C93146766EC8}
		{C448348D-2BAD-4D9D-9E00-B3FD9F3AA416} = {D1B73FD1-D2A4-49A4-9055-C93146766EC8}
		{08199533-3CF7-4AF2-BB96-57BC29622F6F} = {D1B73FD1-D2A4-49A4-9055-C93146766EC8}
		{6B822B37-E97C-4623-A01A-6430D06EA3A9} = {D1B73FD1-D2A4-49A4-9055-C93146766EC8}
		{75882DF8-A82B-4FD2-ABA3-684CF64C0267} = {ACCF3D71-F152-4FB0-A47B-55FFF164F2E5}
		{AD331CCA-A2D5-45BB-A3FC-E00DCDBECC8D} = {ACCF3D71-F152-4FB0-A47B-55FFF164F2E5}
		{17E7A494-53E0-4976-91C7-5A6C43CF7643} = {ACCF3D71-F152-4FB0-A47B-55FFF164F2E5}
		{44FE0638-3051-4ED5-9124-F030FFA0F9BD} = {ACCF3D71-F152-4FB0-A47B-55FFF164F2E5}
		{BADC3CC4-7EA3-4650-AF21-4E00D68FF7EC} = {ACCF3D71-F152-4FB0-A47B-55FFF164F2E5}
		{C2322A18-5056-4328-8827-DAF5C0E569EE} = {ACCF3D71-F152-4FB0-A47B-55FFF164F2E5}
		{C14904FC-0EB4-4DB4-A4AA-6DFFFCB6C365} = {ACCF3D71-F152-4FB0-A47B-55FFF164F2E5}
		{1AEC1A12-F84E-4DF6-8049-5EF04B6893FE} = {ACCF3D71-F152-4FB0-A47B-55FFF164F2E5}
		{16873AF8-C509-4054-9BE3-AE9BB9360CEC} = {ACCF3D71-F152-4FB0-A47B-55FFF164F2E5}
		{30B5F25D-363F-4F86-B1E4-A1D31D6F5255} = {ACCF3D71-F152-4FB0-A47B-55FFF164F2E5}
		{66715411-7A4D-4279-8CBC-7607717D57A1} = {ACCF3D71-F152-4FB0-A47B-55FFF164F2E5}
		{D5897146-7F49-4520-B626-08ABDC61A2DB} = {F0D29332-4BD8-49F7-88BC-80FEE1A2A4E0}
		{1E6AC84D-3625-4ECF-B61A-6FC5EA20AD14} = {F0D29332-4BD8-49F7-88BC-80FEE1A2A4E0}
		{3AE7352C-2D24-46D6-BDBF-B8ACD188D0EE} = {F0D29332-4BD8-49F7-88BC-80FEE1A2A4E0}
		{256190F2-F2DC-4E75-B936-B06DD68FFB04} = {F0D29332-4BD8-49F7-88BC-80FEE1A2A4E0}
		{32E9435D-0FA5-4651-9D72-957E22B28A01} = {F0D29332-4BD8-49F7-88BC-80FEE1A2A4E0}
		{5AA1A5A1-1CBB-4E2D-997B-4F41B7AAA208} = {F0D29332-4BD8-49F7-88BC-80FEE1A2A4E0}
		{E29785D4-616C-4926-840C-C351EF829DA8} = {F0D29332-4BD8-49F7-88BC-80FEE1A2A4E0}
		{404C3BD5-DF46-4DE8-93FE-DC84F1202AD5} = {F0D29332-4BD8-49F7-88BC-80FEE1A2A4E0}
		{42D8DA9B-2BEC-4080-B3C4-42536259BF80} = {F0D29332-4BD8-49F7-88BC-80FEE1A2A4E0}
		{BEE2DF86-AE69-48C1-AD63-92A23A63C9BD} = {F0D29332-4BD8-49F7-88BC-80FEE1A2A4E0}
		{F98EAAF6-FC0D-4B25-9F7A-2F35E445D356} = {F0D29332-4BD8-49F7-88BC-80FEE1A2A4E0}
		{4FBD61C8-63E2-4BA7-B71E-7BDB0170DB4A} = {1F9E03ED-AD5F-43FC-BAE6-BEEF63563513}
		{9F2FE012-2643-4A76-9C7E-CE08A0AAE3CF} = {1F9E03ED-AD5F-43FC-BAE6-BEEF63563513}
		{E3E047F0-BF79-4D62-AE87-6F508C1FF851} = {1F9E03ED-AD5F-43FC-BAE6-BEEF63563513}
		{CC12358E-157D-47F6-9BB8-A6C3B7556582} = {1F9E03ED-AD5F-43FC-BAE6-BEEF63563513}
		{9BD6CBB0-5E2E-4B31-A550-F288FE299EAF} = {1F9E03ED-AD5F-43FC-BAE6-BEEF63563513}
		{8D95ADBD-045F-4291-97A3-069CE0661505} = {1F9E03ED-AD5F-43FC-BAE6-BEEF63563513}
		{DBB7F210-FE5A-4E5D-AB17-A10CDE7C0F33} = {1F9E03ED-AD5F-43FC-BAE6-BEEF63563513}
		{5E6EEB7F-16A1-41B3-8EF0-D3B8BE9E351F} = {1F9E03ED-AD5F-43FC-BAE6-BEEF63563513}
		{06328493-B169-43A7-A2DD-01DF63F87D75} = {1F9E03ED-AD5F-43FC-BAE6-BEEF63563513}
		{E7E91050-9A02-4E6B-8390-47AF7B7AFCEF} = {8D141560-5095-43F3-B99F-AD52110B89EC}
		{1B756AC6-3E7A-4188-878A-4D84988689A1} = {8D141560-5095-43F3-B99F-AD52110B89EC}
		{D9DE16C3-0C06-4364-9633-DD6D10901B27} = {8D141560-5095-43F3-B99F-AD52110B89EC}
		{E487CE25-F19F-4CBF-903F-377945EE5987} = {8D141560-5095-43F3-B99F-AD52110B89EC}
		{4952E60C-381A-4910-BC3F-D51697675336} = {8D141560-5095-43F3-B99F-AD52110B89EC}
		{0F9DF28B-7EBD-439B-AF12-00D9EED9D579} = {8D141560-5095-43F3-B99F-AD52110B89EC}
		{EC7114F6-9C20-428F-893D-B3932BD3FFE2} = {8D141560-5095-43F3-B99F-AD52110B89EC}
		{B0C26419-D3C2-4724-B343-253AFDC11727} = {8D141560-5095-43F3-B99F-AD52110B89EC}
		{E1715F27-F352-4302-8EB3-BD9BCC8F51F9} = {8D141560-5095-43F3-B99F-AD52110B89EC}
		{6738E498-B267-4532-9C3A-C2938A3E4DEA} = {8D141560-5095-43F3-B99F-AD52110B89EC}
		{91ADD401-B4BB-4F87-A337-5339B55F40E0} = {8D141560-5095-43F3-B99F-AD52110B89EC}
		{F53A5AD8-B5E4-4ADA-913D-C4D25BBE4EE0} = {8D141560-5095-43F3-B99F-AD52110B89EC}
		{2B9138C8-3BD0-41EE-B02D-9348426683E3} = {8D141560-5095-43F3-B99F-AD52110B89EC}
		{BCD7557A-6557-41AC-9F46-EA4C8D5AF596} = {0806F790-CBD1-4598-9548-4666601E692D}
		{CCE3DBD7-4726-45CC-A048-FF94780DAEAD} = {0806F790-CBD1-4598-9548-4666601E692D}
		{8C75234D-AE13-4064-98B2-CD6D90064C09} = {0806F790-CBD1-4598-9548-4666601E692D}
		{4C4ADAB9-F184-4353-847F-8270914D40A8} = {0806F790-CBD1-4598-9548-4666601E692D}
		{30A40924-A4D5-4398-AC96-FCC685380098} = {0806F790-CBD1-4598-9548-4666601E692D}
	EndGlobalSection
	GlobalSection(ExtensibilityGlobals) = postSolution
		SolutionGuid = {790BD0FD-B613-4D32-9CE7-C34FA4B7EEC8}
	EndGlobalSection
EndGlobal
